// !$*UTF8*$!
{
	archiveVersion = 1;
	classes = {
	};
	objectVersion = 77;
	objects = {

/* Begin PBXBuildFile section */
		02B457220D88687899DD4B3E /* GoukakuKit in Frameworks */ = {isa = PBXBuildFile; productRef = 59EB0DD4391EA77D54698A6E /* GoukakuKit */; };
		02BE3F586A02D312C107AED5 /* models.json in Resources */ = {isa = PBXBuildFile; fileRef = 4C5C47763B57B4F64EB7EB7C /* models.json */; };
		043B87BE0859F7D5783945F0 /* PhotoCheckInView.swift in Sources */ = {isa = PBXBuildFile; fileRef = B9679980B6B040D0F1C3CE6A /* PhotoCheckInView.swift */; };
		06E5B40A601D8DB7716187CF /* EvidenceStore.swift in Sources */ = {isa = PBXBuildFile; fileRef = FBB72C79319D4F9F87720149 /* EvidenceStore.swift */; };
		0937E9D52B3C53DEE7C5F72B /* GoukakuAIMLX in Frameworks */ = {isa = PBXBuildFile; productRef = D2C36A876944C2E1B7499329 /* GoukakuAIMLX */; };
		0BCF00B72162397D35CEBF64 /* PrivacyInfo.xcprivacy in Resources */ = {isa = PBXBuildFile; fileRef = 418506AD8FB7B21282C3149F /* PrivacyInfo.xcprivacy */; };
		16CAFFD8FE5B2D82C7B10C82 /* GoukakuWidgetBundle.swift in Sources */ = {isa = PBXBuildFile; fileRef = ACD0896ACB25EA3CB8B178DC /* GoukakuWidgetBundle.swift */; };
		176574B8C3801F54B98D6BC5 /* Format.swift in Sources */ = {isa = PBXBuildFile; fileRef = BAF2D715A9AC16EADA50013F /* Format.swift */; };
		188735D6EA9CDEA2E17B14F3 /* GoukakuAI in Frameworks */ = {isa = PBXBuildFile; productRef = FD976F0C289ECB9A6FE08AA5 /* GoukakuAI */; };
		19C8922BBB635CEDC25697DD /* Persistence.swift in Sources */ = {isa = PBXBuildFile; fileRef = 75F77295BDB3BA0405525F2A /* Persistence.swift */; };
		1C55680910D73BEFE7545394 /* CommitViews.swift in Sources */ = {isa = PBXBuildFile; fileRef = BA0C0CEAB0B46FF96FC3D9AF /* CommitViews.swift */; };
		1FB90F1E5E67635046E41E59 /* ScreenRouting.swift in Sources */ = {isa = PBXBuildFile; fileRef = 30634FC84A3F9274FD856589 /* ScreenRouting.swift */; };
		24446FBC1288D8FD913F7C23 /* CheckInControl.swift in Sources */ = {isa = PBXBuildFile; fileRef = 758E4230A26DB1540E9E02BE /* CheckInControl.swift */; };
		25C098F5E76CAF91D018B0C6 /* StatusWidgetViews.swift in Sources */ = {isa = PBXBuildFile; fileRef = 24CE1B80A2B20788283A8D18 /* StatusWidgetViews.swift */; };
		270A415F0348F336ED8CC15B /* PrivacyInfo.xcprivacy in Resources */ = {isa = PBXBuildFile; fileRef = E6687F4A81A3EAF2A88D1132 /* PrivacyInfo.xcprivacy */; };
		2AACB7EBE01ACC5E7DCE2DDB /* ShieldActionExtension.swift in Sources */ = {isa = PBXBuildFile; fileRef = 6E3A556C22BE8DA0E2C1D521 /* ShieldActionExtension.swift */; };
		2AD49D6F234B29260086C1BD /* Hanamaru.swift in Sources */ = {isa = PBXBuildFile; fileRef = 4C1BDA385B447A23C3AED882 /* Hanamaru.swift */; };
		2B950813EC8AA74D48C7F696 /* GoukakuShared in Frameworks */ = {isa = PBXBuildFile; productRef = 7E5499A2726ACA36F757C1B5 /* GoukakuShared */; };
		325E96A3FCC5EDD62F19ECFC /* DeviceSupport.swift in Sources */ = {isa = PBXBuildFile; fileRef = E8EF5F5FD7F54494DC5DBB59 /* DeviceSupport.swift */; };
		36EB6F52F2E3CE7440004DE7 /* GoukakuShared in Frameworks */ = {isa = PBXBuildFile; productRef = F6DFC4553A63D6FCE4489894 /* GoukakuShared */; };
		39FC11F8E0D4D8C068403900 /* StatusWidgetViews.swift in Sources */ = {isa = PBXBuildFile; fileRef = 24CE1B80A2B20788283A8D18 /* StatusWidgetViews.swift */; };
		3E253FE6F9E3B6CA4BCDE449 /* ShieldConfigExtension.swift in Sources */ = {isa = PBXBuildFile; fileRef = 27DB06F59904BB33A6B490EB /* ShieldConfigExtension.swift */; };
		40F225C6CCAEA86CA565E68F /* OnboardingView.swift in Sources */ = {isa = PBXBuildFile; fileRef = E8B1B01661737E08FDB9973D /* OnboardingView.swift */; };
		434E9363638469ECFF45E14D /* AppActions.swift in Sources */ = {isa = PBXBuildFile; fileRef = F2A40D82DC0E1C445223D964 /* AppActions.swift */; };
		43B5F1E89C55B846BED48200 /* GoukakuCore in Frameworks */ = {isa = PBXBuildFile; productRef = 56DEF683AB17CB7D2AB357F7 /* GoukakuCore */; };
		4DBC670821274CAA6A42125B /* Outcome.swift in Sources */ = {isa = PBXBuildFile; fileRef = 8DFC5527678E24228FE64259 /* Outcome.swift */; };
		51A2973747796E1EDD2DFFAD /* LiveActivityViews.swift in Sources */ = {isa = PBXBuildFile; fileRef = 490B6BB7AB514EE453597193 /* LiveActivityViews.swift */; };
		5961111B4D0395D92911589A /* PrivacyInfo.xcprivacy in Resources */ = {isa = PBXBuildFile; fileRef = 7CC050F479BBE5BD15E12186 /* PrivacyInfo.xcprivacy */; };
		59EEDC2079DFF271A0A270C5 /* GoukakuLockApp.swift in Sources */ = {isa = PBXBuildFile; fileRef = 19AEBC5C9F8AAE722276A01F /* GoukakuLockApp.swift */; };
		5A4825EFBF16E3C11ACA4B7A /* CompanionComponents.swift in Sources */ = {isa = PBXBuildFile; fileRef = FA0723B09B7307603D43E577 /* CompanionComponents.swift */; };
		5C2C78EE06D539B340AE9E63 /* StatusWidget.swift in Sources */ = {isa = PBXBuildFile; fileRef = F94DA6FA734E5DDFCAE9F1E4 /* StatusWidget.swift */; };
		611C70FD8484E2A9A509F9AF /* AppModel.swift in Sources */ = {isa = PBXBuildFile; fileRef = E81AA773E9E63DE100166498 /* AppModel.swift */; };
		668029CE48F9B94C316782C2 /* LiveActivities.swift in Sources */ = {isa = PBXBuildFile; fileRef = 5D2592AB7FCB4FFCE1827319 /* LiveActivities.swift */; };
		67F3FC323BECA6C00866C8AA /* WalkthroughUITests.swift in Sources */ = {isa = PBXBuildFile; fileRef = 7FD1867EDFAA48E2E5D2C3AF /* WalkthroughUITests.swift */; };
		6B0F49F57F22C722566FB1AC /* GoukakuKit in Frameworks */ = {isa = PBXBuildFile; productRef = 421FA4A9FAE174F1CFEC88B7 /* GoukakuKit */; };
		6C2664261C97C8EA9EF24A41 /* CompanionModel.swift in Sources */ = {isa = PBXBuildFile; fileRef = 7E94781398FBC26CF41CD315 /* CompanionModel.swift */; };
		757C884A297D34F1D3365C54 /* OpenScreenIntent.swift in Sources */ = {isa = PBXBuildFile; fileRef = 007C3E5314762EE4ED532E24 /* OpenScreenIntent.swift */; };
		7801E947734114BB90921095 /* AppActions+Settings.swift in Sources */ = {isa = PBXBuildFile; fileRef = 5F73281A81B0178D0FFAF9ED /* AppActions+Settings.swift */; };
		87143B384EC5F77D2EC78B5E /* Components.swift in Sources */ = {isa = PBXBuildFile; fileRef = B7F0DB3DEF725AC59FC082C2 /* Components.swift */; };
		87B538A5EE5B1C847F192D5E /* Assets.xcassets in Resources */ = {isa = PBXBuildFile; fileRef = 4FB973A9E93C56741C75BD42 /* Assets.xcassets */; };
		8BF1D42268806594ED42ADE1 /* ExperienceLogSheet.swift in Sources */ = {isa = PBXBuildFile; fileRef = A62FE99417677CE89CC9785C /* ExperienceLogSheet.swift */; };
		8C388BC85AA805E42073B1F4 /* PrivacyInfo.xcprivacy in Resources */ = {isa = PBXBuildFile; fileRef = 4AB64A45A3E969DFB4C1EFFE /* PrivacyInfo.xcprivacy */; };
		8C7C8D2B28494FDC9DF7C248 /* TipsView.swift in Sources */ = {isa = PBXBuildFile; fileRef = 4E0A565DA1F314E92DB6FB5D /* TipsView.swift */; };
		8EB1BEBD4A4309309CA84509 /* SomedayView.swift in Sources */ = {isa = PBXBuildFile; fileRef = 94A55526D85B000C9EDA8F93 /* SomedayView.swift */; };
		8FF99826F20EA0CC58D21A73 /* AppIconView.swift in Sources */ = {isa = PBXBuildFile; fileRef = 69A0EBD9209CED8FD5778C19 /* AppIconView.swift */; };
		90E1173AB608F5A29E20A906 /* CompanionHomeCard.swift in Sources */ = {isa = PBXBuildFile; fileRef = D6765E788410697FF85C849D /* CompanionHomeCard.swift */; };
		934C9F5A2ADC254AD3F06167 /* FocusTimerView.swift in Sources */ = {isa = PBXBuildFile; fileRef = 3EB7F4309943C6AB9095BC1C /* FocusTimerView.swift */; };
		95E0E8415FAC27393C20B9F3 /* AISettingsView.swift in Sources */ = {isa = PBXBuildFile; fileRef = 33FEEA6345BF96F5B5C55C99 /* AISettingsView.swift */; };
		98336D30590D15C3D22D5486 /* GoukakuCore in Frameworks */ = {isa = PBXBuildFile; productRef = FC33093BFA16EF1911A2F9F5 /* GoukakuCore */; };
		99AFBF7AEC299F5D7A099E3A /* AppModel+Lifecycle.swift in Sources */ = {isa = PBXBuildFile; fileRef = C267EDE29E974982347E0138 /* AppModel+Lifecycle.swift */; };
		9B98C7DA8B4AD7889D0090D3 /* OpenScreenIntent.swift in Sources */ = {isa = PBXBuildFile; fileRef = 007C3E5314762EE4ED532E24 /* OpenScreenIntent.swift */; };
		9C2C150C8BC89109455283A8 /* DebugMenuView.swift in Sources */ = {isa = PBXBuildFile; fileRef = F76D0F2F1EE1A825F4240D3E /* DebugMenuView.swift */; };
		A13E18CFE5C537DF2BBC9A2B /* MonitorExtension.swift in Sources */ = {isa = PBXBuildFile; fileRef = 3EEB7A95473517B0E45C3990 /* MonitorExtension.swift */; };
		A4644589C2F919C51228CE22 /* GoukakuCore in Frameworks */ = {isa = PBXBuildFile; productRef = 6CCC8C3965E3034A0465160A /* GoukakuCore */; };
		A751D606F89AF21EB516292E /* HomeView.swift in Sources */ = {isa = PBXBuildFile; fileRef = B7383EB061A1A2EF65767079 /* HomeView.swift */; };
		ABFB78558664B8BCE5E856BB /* NotificationRouter.swift in Sources */ = {isa = PBXBuildFile; fileRef = 95C1EE2985AEDA4174ED9918 /* NotificationRouter.swift */; };
		AD9CCD7F6B56348358E08FCA /* AppleEngine.swift in Sources */ = {isa = PBXBuildFile; fileRef = 314958333A36DD4D7808C282 /* AppleEngine.swift */; };
		ADC883ED1DD0DC19D4A7B760 /* ScreenRouting.swift in Sources */ = {isa = PBXBuildFile; fileRef = D6E031D1E3FC1268F16213D8 /* ScreenRouting.swift */; };
		AF0FF189D10216922A40FEC6 /* SettingsView.swift in Sources */ = {isa = PBXBuildFile; fileRef = 0F3DEB097A6AEF784855E5B4 /* SettingsView.swift */; };
		AFC15414241998ACF7FF60FE /* Hanamaru.swift in Sources */ = {isa = PBXBuildFile; fileRef = 4C1BDA385B447A23C3AED882 /* Hanamaru.swift */; };
		B41417173845C79F5A142054 /* Theme.swift in Sources */ = {isa = PBXBuildFile; fileRef = 0F82D632C0C6C9C017045E17 /* Theme.swift */; };
		B4E2B0186DCDAC340A2366E0 /* GoukakuWidget.appex in Embed Foundation Extensions */ = {isa = PBXBuildFile; fileRef = 16044D9BD2FF3BAF5C1CD582 /* GoukakuWidget.appex */; settings = {ATTRIBUTES = (RemoveHeadersOnCopy, ); }; };
		B5AC57981BB5803BDBFE5371 /* GoukakuShieldAction.appex in Embed Foundation Extensions */ = {isa = PBXBuildFile; fileRef = D826A5042F75EE84C6786046 /* GoukakuShieldAction.appex */; settings = {ATTRIBUTES = (RemoveHeadersOnCopy, ); }; };
		B7C707F4D9ED34FC88AE9AFA /* CompanionChatView.swift in Sources */ = {isa = PBXBuildFile; fileRef = B22D359676A2584EDDDD02EE /* CompanionChatView.swift */; };
		B9D708D032A48C53C6E52A0B /* QuickActions.swift in Sources */ = {isa = PBXBuildFile; fileRef = 75673AA0BCFD5CBE99732B5A /* QuickActions.swift */; };
		BA2527CC6FDC1F6D090E3602 /* LiveActivityViews.swift in Sources */ = {isa = PBXBuildFile; fileRef = 490B6BB7AB514EE453597193 /* LiveActivityViews.swift */; };
		BB8B360F099D7D7210250725 /* EmergencyPauseViews.swift in Sources */ = {isa = PBXBuildFile; fileRef = 60F73608CCD2BC7E33044AAB /* EmergencyPauseViews.swift */; };
		BBA45A057DC0A86C0EC6F1D5 /* CelebrationViews.swift in Sources */ = {isa = PBXBuildFile; fileRef = 8D5279533E46AF1F67D145D3 /* CelebrationViews.swift */; };
		C2038558BA10BC11F2659CA8 /* CompanionView.swift in Sources */ = {isa = PBXBuildFile; fileRef = D8C0912197D31B21EB82095D /* CompanionView.swift */; };
		C2F302C2657B7A328E61CEFC /* CoachingViews.swift in Sources */ = {isa = PBXBuildFile; fileRef = FEBD8C31E3611A996ADBC254 /* CoachingViews.swift */; };
		C50B1896FD6728A6E9C09848 /* LiveActivityWidget.swift in Sources */ = {isa = PBXBuildFile; fileRef = 1F0B15EB96567E4F492C3AD3 /* LiveActivityWidget.swift */; };
		C561E87952ABD88869A9329B /* GoukakuShieldConfig.appex in Embed Foundation Extensions */ = {isa = PBXBuildFile; fileRef = 8FDC10255F257EF2710AFBBA /* GoukakuShieldConfig.appex */; settings = {ATTRIBUTES = (RemoveHeadersOnCopy, ); }; };
		CAF4A49BA2B1502D0E72E8C3 /* HistoryView.swift in Sources */ = {isa = PBXBuildFile; fileRef = 983F854EC81E2C5CAD58EB6F /* HistoryView.swift */; };
		CC05A86ACD29AA22B20B4891 /* AppModel+Actions.swift in Sources */ = {isa = PBXBuildFile; fileRef = BDEC76969649338255088EB9 /* AppModel+Actions.swift */; };
		CD668CCF9BA9DA10D69557DC /* RootView.swift in Sources */ = {isa = PBXBuildFile; fileRef = EA487A03DE26134FCA2A5274 /* RootView.swift */; };
		CFBF1870148EB574BB63BE63 /* GoukakuCore in Frameworks */ = {isa = PBXBuildFile; productRef = 9783967D1C1307266F7719CD /* GoukakuCore */; };
		D10C947593A7FACFA7293DD6 /* DeviceProbe.swift in Sources */ = {isa = PBXBuildFile; fileRef = 0C0FB123D5D220DACF7DDC1E /* DeviceProbe.swift */; };
		D186333BEB54B521C69565D9 /* AppModel+Changes.swift in Sources */ = {isa = PBXBuildFile; fileRef = 70CB4F31531AC9C649AF51EB /* AppModel+Changes.swift */; };
		DAA7077724DC3989996BF017 /* Theme.swift in Sources */ = {isa = PBXBuildFile; fileRef = 0F82D632C0C6C9C017045E17 /* Theme.swift */; };
		DBFCEAF82E701710045A3B5E /* GoukakuMonitor.appex in Embed Foundation Extensions */ = {isa = PBXBuildFile; fileRef = ACDF3F7DE0EC4BFC6709D5DE /* GoukakuMonitor.appex */; settings = {ATTRIBUTES = (RemoveHeadersOnCopy, ); }; };
		DD25675B677E4DC268783FB9 /* GoukakuCore in Frameworks */ = {isa = PBXBuildFile; productRef = EC590EB456CE986EA926FC5A /* GoukakuCore */; };
		DE5068E3A7537BAC80798C49 /* ModelStore.swift in Sources */ = {isa = PBXBuildFile; fileRef = 233B568B32D6E76717B643F9 /* ModelStore.swift */; };
		DF1A177C4C0D3A8FBCEE6764 /* AIRuntime.swift in Sources */ = {isa = PBXBuildFile; fileRef = EEC3ED32BABBDB4D1E9891F8 /* AIRuntime.swift */; };
		E102FA465B3FA2539D977F95 /* ModelDownloader.swift in Sources */ = {isa = PBXBuildFile; fileRef = F6CB5148DB5FF179D784E2D9 /* ModelDownloader.swift */; };
		E124168318447121533027B0 /* GoukakuKit in Frameworks */ = {isa = PBXBuildFile; productRef = 5AD13C7E004FB60F00AC7344 /* GoukakuKit */; };
		E1663B576138BAF173FFA3A7 /* Outcome.swift in Sources */ = {isa = PBXBuildFile; fileRef = 8DFC5527678E24228FE64259 /* Outcome.swift */; };
		E42C0A8D2A7D57D821B3BB94 /* CompanionData.swift in Sources */ = {isa = PBXBuildFile; fileRef = 9FF6C9AE35C9E5F8261BE3A2 /* CompanionData.swift */; };
		E661936DF3B847BA1E3DC00B /* GoukakuIntents.swift in Sources */ = {isa = PBXBuildFile; fileRef = 54A06B26AB1FD7E4FE708E21 /* GoukakuIntents.swift */; };
		EB6B23CCD1A2EC4A82A5BCE1 /* PrivacyInfo.xcprivacy in Resources */ = {isa = PBXBuildFile; fileRef = 2FFDC68E4A77514B9AB11A37 /* PrivacyInfo.xcprivacy */; };
		ECF66A89381863E65D360A76 /* GrowthView.swift in Sources */ = {isa = PBXBuildFile; fileRef = ED3213E22A8F0DD67AED7BE8 /* GrowthView.swift */; };
		EF362FB0034AF8854F65FBB7 /* CheckInView.swift in Sources */ = {isa = PBXBuildFile; fileRef = 27BD9FA3B1975797D038A764 /* CheckInView.swift */; };
		F810E6CCD94856731D923413 /* GoukakuKit in Frameworks */ = {isa = PBXBuildFile; productRef = 4C3477060F8A6BD2C81AE56F /* GoukakuKit */; };
		FB7D6CC48F13DBABD568B9C3 /* SampleAI.swift in Sources */ = {isa = PBXBuildFile; fileRef = B1011FBA4F3D493F2F50DAC8 /* SampleAI.swift */; };
/* End PBXBuildFile section */

/* Begin PBXContainerItemProxy section */
		34794115390EB3CAEEBD0C65 /* PBXContainerItemProxy */ = {
			isa = PBXContainerItemProxy;
			containerPortal = 58F0C9FD64FF796E4BE08636 /* Project object */;
			proxyType = 1;
			remoteGlobalIDString = B916F91BADA5279B78C6BDDF;
			remoteInfo = GoukakuShieldConfig;
		};
		3EBF95B2E4324E04B5EB922A /* PBXContainerItemProxy */ = {
			isa = PBXContainerItemProxy;
			containerPortal = 58F0C9FD64FF796E4BE08636 /* Project object */;
			proxyType = 1;
			remoteGlobalIDString = C3270B222FDCF6E31D36A02B;
			remoteInfo = GoukakuLock;
		};
		A4ACD70E8CB80D61B999947E /* PBXContainerItemProxy */ = {
			isa = PBXContainerItemProxy;
			containerPortal = 58F0C9FD64FF796E4BE08636 /* Project object */;
			proxyType = 1;
			remoteGlobalIDString = 5C2BB3B6D7111231E66A9D50;
			remoteInfo = GoukakuWidget;
		};
		A5C9B3473B5FB16F8AF2C810 /* PBXContainerItemProxy */ = {
			isa = PBXContainerItemProxy;
			containerPortal = 58F0C9FD64FF796E4BE08636 /* Project object */;
			proxyType = 1;
			remoteGlobalIDString = 0EB70D539AF3A6141E55390E;
			remoteInfo = GoukakuMonitor;
		};
		D4EC7D872A802EA1EDBD1AD0 /* PBXContainerItemProxy */ = {
			isa = PBXContainerItemProxy;
			containerPortal = 58F0C9FD64FF796E4BE08636 /* Project object */;
			proxyType = 1;
			remoteGlobalIDString = EE92F51893CD543E1BD2C14B;
			remoteInfo = GoukakuShieldAction;
		};
/* End PBXContainerItemProxy section */

/* Begin PBXCopyFilesBuildPhase section */
		F3E90C0E77F507D1B85E54D4 /* Embed Foundation Extensions */ = {
			isa = PBXCopyFilesBuildPhase;
			buildActionMask = 2147483647;
			dstPath = "";
			dstSubfolderSpec = 13;
			files = (
				DBFCEAF82E701710045A3B5E /* GoukakuMonitor.appex in Embed Foundation Extensions */,
				C561E87952ABD88869A9329B /* GoukakuShieldConfig.appex in Embed Foundation Extensions */,
				B5AC57981BB5803BDBFE5371 /* GoukakuShieldAction.appex in Embed Foundation Extensions */,
				B4E2B0186DCDAC340A2366E0 /* GoukakuWidget.appex in Embed Foundation Extensions */,
			);
			name = "Embed Foundation Extensions";
			runOnlyForDeploymentPostprocessing = 0;
		};
/* End PBXCopyFilesBuildPhase section */

/* Begin PBXFileReference section */
		007C3E5314762EE4ED532E24 /* OpenScreenIntent.swift */ = {isa = PBXFileReference; lastKnownFileType = sourcecode.swift; path = OpenScreenIntent.swift; sourceTree = "<group>"; };
		04E30E83843D5BD55203E968 /* GoukakuAIMLX */ = {isa = PBXFileReference; lastKnownFileType = folder; name = GoukakuAIMLX; path = GoukakuAIMLX; sourceTree = SOURCE_ROOT; };
		0C0FB123D5D220DACF7DDC1E /* DeviceProbe.swift */ = {isa = PBXFileReference; lastKnownFileType = sourcecode.swift; path = DeviceProbe.swift; sourceTree = "<group>"; };
		0F3DEB097A6AEF784855E5B4 /* SettingsView.swift */ = {isa = PBXFileReference; lastKnownFileType = sourcecode.swift; path = SettingsView.swift; sourceTree = "<group>"; };
		0F82D632C0C6C9C017045E17 /* Theme.swift */ = {isa = PBXFileReference; lastKnownFileType = sourcecode.swift; path = Theme.swift; sourceTree = "<group>"; };
		138E644E125CB78FD056B01D /* GoukakuKit */ = {isa = PBXFileReference; lastKnownFileType = folder; name = GoukakuKit; path = GoukakuKit; sourceTree = SOURCE_ROOT; };
		16044D9BD2FF3BAF5C1CD582 /* GoukakuWidget.appex */ = {isa = PBXFileReference; includeInIndex = 0; lastKnownFileType = "wrapper.app-extension"; path = GoukakuWidget.appex; sourceTree = BUILT_PRODUCTS_DIR; };
		16A4FE1470BBEB6D5A48EF1B /* Info.plist */ = {isa = PBXFileReference; lastKnownFileType = text.plist; path = Info.plist; sourceTree = "<group>"; };
		17281C7A93176EF2292304DA /* Info.plist */ = {isa = PBXFileReference; lastKnownFileType = text.plist; path = Info.plist; sourceTree = "<group>"; };
		192E4307339D1FB635A20F6C /* Info.plist */ = {isa = PBXFileReference; lastKnownFileType = text.plist; path = Info.plist; sourceTree = "<group>"; };
		19AEBC5C9F8AAE722276A01F /* GoukakuLockApp.swift */ = {isa = PBXFileReference; lastKnownFileType = sourcecode.swift; path = GoukakuLockApp.swift; sourceTree = "<group>"; };
		1F0B15EB96567E4F492C3AD3 /* LiveActivityWidget.swift */ = {isa = PBXFileReference; lastKnownFileType = sourcecode.swift; path = LiveActivityWidget.swift; sourceTree = "<group>"; };
		233B568B32D6E76717B643F9 /* ModelStore.swift */ = {isa = PBXFileReference; lastKnownFileType = sourcecode.swift; path = ModelStore.swift; sourceTree = "<group>"; };
		24CE1B80A2B20788283A8D18 /* StatusWidgetViews.swift */ = {isa = PBXFileReference; lastKnownFileType = sourcecode.swift; path = StatusWidgetViews.swift; sourceTree = "<group>"; };
		27BD9FA3B1975797D038A764 /* CheckInView.swift */ = {isa = PBXFileReference; lastKnownFileType = sourcecode.swift; path = CheckInView.swift; sourceTree = "<group>"; };
		27DB06F59904BB33A6B490EB /* ShieldConfigExtension.swift */ = {isa = PBXFileReference; lastKnownFileType = sourcecode.swift; path = ShieldConfigExtension.swift; sourceTree = "<group>"; };
		2FFDC68E4A77514B9AB11A37 /* PrivacyInfo.xcprivacy */ = {isa = PBXFileReference; path = PrivacyInfo.xcprivacy; sourceTree = "<group>"; };
		30634FC84A3F9274FD856589 /* ScreenRouting.swift */ = {isa = PBXFileReference; lastKnownFileType = sourcecode.swift; path = ScreenRouting.swift; sourceTree = "<group>"; };
		314958333A36DD4D7808C282 /* AppleEngine.swift */ = {isa = PBXFileReference; lastKnownFileType = sourcecode.swift; path = AppleEngine.swift; sourceTree = "<group>"; };
		33FEEA6345BF96F5B5C55C99 /* AISettingsView.swift */ = {isa = PBXFileReference; lastKnownFileType = sourcecode.swift; path = AISettingsView.swift; sourceTree = "<group>"; };
		3EB7F4309943C6AB9095BC1C /* FocusTimerView.swift */ = {isa = PBXFileReference; lastKnownFileType = sourcecode.swift; path = FocusTimerView.swift; sourceTree = "<group>"; };
		3EEB7A95473517B0E45C3990 /* MonitorExtension.swift */ = {isa = PBXFileReference; lastKnownFileType = sourcecode.swift; path = MonitorExtension.swift; sourceTree = "<group>"; };
		418506AD8FB7B21282C3149F /* PrivacyInfo.xcprivacy */ = {isa = PBXFileReference; path = PrivacyInfo.xcprivacy; sourceTree = "<group>"; };
		490B6BB7AB514EE453597193 /* LiveActivityViews.swift */ = {isa = PBXFileReference; lastKnownFileType = sourcecode.swift; path = LiveActivityViews.swift; sourceTree = "<group>"; };
		4AB64A45A3E969DFB4C1EFFE /* PrivacyInfo.xcprivacy */ = {isa = PBXFileReference; path = PrivacyInfo.xcprivacy; sourceTree = "<group>"; };
		4C1BDA385B447A23C3AED882 /* Hanamaru.swift */ = {isa = PBXFileReference; lastKnownFileType = sourcecode.swift; path = Hanamaru.swift; sourceTree = "<group>"; };
		4C5C47763B57B4F64EB7EB7C /* models.json */ = {isa = PBXFileReference; lastKnownFileType = text.json; path = models.json; sourceTree = "<group>"; };
		4E0A565DA1F314E92DB6FB5D /* TipsView.swift */ = {isa = PBXFileReference; lastKnownFileType = sourcecode.swift; path = TipsView.swift; sourceTree = "<group>"; };
		4FB973A9E93C56741C75BD42 /* Assets.xcassets */ = {isa = PBXFileReference; lastKnownFileType = folder.assetcatalog; path = Assets.xcassets; sourceTree = "<group>"; };
		54A06B26AB1FD7E4FE708E21 /* GoukakuIntents.swift */ = {isa = PBXFileReference; lastKnownFileType = sourcecode.swift; path = GoukakuIntents.swift; sourceTree = "<group>"; };
		5889C68A1F84016796F93B9F /* Info.plist */ = {isa = PBXFileReference; lastKnownFileType = text.plist; path = Info.plist; sourceTree = "<group>"; };
		5D2592AB7FCB4FFCE1827319 /* LiveActivities.swift */ = {isa = PBXFileReference; lastKnownFileType = sourcecode.swift; path = LiveActivities.swift; sourceTree = "<group>"; };
		5F73281A81B0178D0FFAF9ED /* AppActions+Settings.swift */ = {isa = PBXFileReference; lastKnownFileType = sourcecode.swift; path = "AppActions+Settings.swift"; sourceTree = "<group>"; };
		5FE14F024F8A3AECA7C15E76 /* GoukakuLockUITests.xctest */ = {isa = PBXFileReference; includeInIndex = 0; lastKnownFileType = wrapper.cfbundle; path = GoukakuLockUITests.xctest; sourceTree = BUILT_PRODUCTS_DIR; };
		60605C60403A737346EACF40 /* Info.plist */ = {isa = PBXFileReference; lastKnownFileType = text.plist; path = Info.plist; sourceTree = "<group>"; };
		60F73608CCD2BC7E33044AAB /* EmergencyPauseViews.swift */ = {isa = PBXFileReference; lastKnownFileType = sourcecode.swift; path = EmergencyPauseViews.swift; sourceTree = "<group>"; };
		63DEACC7A9BD5D109BC9A8EF /* GoukakuShieldConfig.entitlements */ = {isa = PBXFileReference; lastKnownFileType = text.plist.entitlements; path = GoukakuShieldConfig.entitlements; sourceTree = "<group>"; };
		69A0EBD9209CED8FD5778C19 /* AppIconView.swift */ = {isa = PBXFileReference; lastKnownFileType = sourcecode.swift; path = AppIconView.swift; sourceTree = "<group>"; };
		6E3A556C22BE8DA0E2C1D521 /* ShieldActionExtension.swift */ = {isa = PBXFileReference; lastKnownFileType = sourcecode.swift; path = ShieldActionExtension.swift; sourceTree = "<group>"; };
		70CB4F31531AC9C649AF51EB /* AppModel+Changes.swift */ = {isa = PBXFileReference; lastKnownFileType = sourcecode.swift; path = "AppModel+Changes.swift"; sourceTree = "<group>"; };
		75673AA0BCFD5CBE99732B5A /* QuickActions.swift */ = {isa = PBXFileReference; lastKnownFileType = sourcecode.swift; path = QuickActions.swift; sourceTree = "<group>"; };
		758E4230A26DB1540E9E02BE /* CheckInControl.swift */ = {isa = PBXFileReference; lastKnownFileType = sourcecode.swift; path = CheckInControl.swift; sourceTree = "<group>"; };
		75F77295BDB3BA0405525F2A /* Persistence.swift */ = {isa = PBXFileReference; lastKnownFileType = sourcecode.swift; path = Persistence.swift; sourceTree = "<group>"; };
		7901229356B07DD04EE8691D /* GoukakuLock.app */ = {isa = PBXFileReference; includeInIndex = 0; lastKnownFileType = wrapper.application; path = GoukakuLock.app; sourceTree = BUILT_PRODUCTS_DIR; };
		7AA69AA087B933F44FDEDC62 /* GoukakuShieldAction.entitlements */ = {isa = PBXFileReference; lastKnownFileType = text.plist.entitlements; path = GoukakuShieldAction.entitlements; sourceTree = "<group>"; };
		7CC050F479BBE5BD15E12186 /* PrivacyInfo.xcprivacy */ = {isa = PBXFileReference; path = PrivacyInfo.xcprivacy; sourceTree = "<group>"; };
		7E94781398FBC26CF41CD315 /* CompanionModel.swift */ = {isa = PBXFileReference; lastKnownFileType = sourcecode.swift; path = CompanionModel.swift; sourceTree = "<group>"; };
		7FD1867EDFAA48E2E5D2C3AF /* WalkthroughUITests.swift */ = {isa = PBXFileReference; lastKnownFileType = sourcecode.swift; path = WalkthroughUITests.swift; sourceTree = "<group>"; };
		8D5279533E46AF1F67D145D3 /* CelebrationViews.swift */ = {isa = PBXFileReference; lastKnownFileType = sourcecode.swift; path = CelebrationViews.swift; sourceTree = "<group>"; };
		8DFC5527678E24228FE64259 /* Outcome.swift */ = {isa = PBXFileReference; lastKnownFileType = sourcecode.swift; path = Outcome.swift; sourceTree = "<group>"; };
		8F7E4B7DF27A7B53F7FBEF2B /* GoukakuWidget.entitlements */ = {isa = PBXFileReference; lastKnownFileType = text.plist.entitlements; path = GoukakuWidget.entitlements; sourceTree = "<group>"; };
		8FDC10255F257EF2710AFBBA /* GoukakuShieldConfig.appex */ = {isa = PBXFileReference; includeInIndex = 0; lastKnownFileType = "wrapper.app-extension"; path = GoukakuShieldConfig.appex; sourceTree = BUILT_PRODUCTS_DIR; };
		94A55526D85B000C9EDA8F93 /* SomedayView.swift */ = {isa = PBXFileReference; lastKnownFileType = sourcecode.swift; path = SomedayView.swift; sourceTree = "<group>"; };
		95C1EE2985AEDA4174ED9918 /* NotificationRouter.swift */ = {isa = PBXFileReference; lastKnownFileType = sourcecode.swift; path = NotificationRouter.swift; sourceTree = "<group>"; };
		983F854EC81E2C5CAD58EB6F /* HistoryView.swift */ = {isa = PBXFileReference; lastKnownFileType = sourcecode.swift; path = HistoryView.swift; sourceTree = "<group>"; };
		9FF6C9AE35C9E5F8261BE3A2 /* CompanionData.swift */ = {isa = PBXFileReference; lastKnownFileType = sourcecode.swift; path = CompanionData.swift; sourceTree = "<group>"; };
		A62FE99417677CE89CC9785C /* ExperienceLogSheet.swift */ = {isa = PBXFileReference; lastKnownFileType = sourcecode.swift; path = ExperienceLogSheet.swift; sourceTree = "<group>"; };
		ACD0896ACB25EA3CB8B178DC /* GoukakuWidgetBundle.swift */ = {isa = PBXFileReference; lastKnownFileType = sourcecode.swift; path = GoukakuWidgetBundle.swift; sourceTree = "<group>"; };
		ACDF3F7DE0EC4BFC6709D5DE /* GoukakuMonitor.appex */ = {isa = PBXFileReference; includeInIndex = 0; lastKnownFileType = "wrapper.app-extension"; path = GoukakuMonitor.appex; sourceTree = BUILT_PRODUCTS_DIR; };
		B1011FBA4F3D493F2F50DAC8 /* SampleAI.swift */ = {isa = PBXFileReference; lastKnownFileType = sourcecode.swift; path = SampleAI.swift; sourceTree = "<group>"; };
		B22D359676A2584EDDDD02EE /* CompanionChatView.swift */ = {isa = PBXFileReference; lastKnownFileType = sourcecode.swift; path = CompanionChatView.swift; sourceTree = "<group>"; };
		B7383EB061A1A2EF65767079 /* HomeView.swift */ = {isa = PBXFileReference; lastKnownFileType = sourcecode.swift; path = HomeView.swift; sourceTree = "<group>"; };
		B7F0DB3DEF725AC59FC082C2 /* Components.swift */ = {isa = PBXFileReference; lastKnownFileType = sourcecode.swift; path = Components.swift; sourceTree = "<group>"; };
		B9679980B6B040D0F1C3CE6A /* PhotoCheckInView.swift */ = {isa = PBXFileReference; lastKnownFileType = sourcecode.swift; path = PhotoCheckInView.swift; sourceTree = "<group>"; };
		BA0C0CEAB0B46FF96FC3D9AF /* CommitViews.swift */ = {isa = PBXFileReference; lastKnownFileType = sourcecode.swift; path = CommitViews.swift; sourceTree = "<group>"; };
		BAF2D715A9AC16EADA50013F /* Format.swift */ = {isa = PBXFileReference; lastKnownFileType = sourcecode.swift; path = Format.swift; sourceTree = "<group>"; };
		BDEC76969649338255088EB9 /* AppModel+Actions.swift */ = {isa = PBXFileReference; lastKnownFileType = sourcecode.swift; path = "AppModel+Actions.swift"; sourceTree = "<group>"; };
		C267EDE29E974982347E0138 /* AppModel+Lifecycle.swift */ = {isa = PBXFileReference; lastKnownFileType = sourcecode.swift; path = "AppModel+Lifecycle.swift"; sourceTree = "<group>"; };
		CB2CAC9068BEB1B7E59D5FBB /* GoukakuMonitor.entitlements */ = {isa = PBXFileReference; lastKnownFileType = text.plist.entitlements; path = GoukakuMonitor.entitlements; sourceTree = "<group>"; };
		D6765E788410697FF85C849D /* CompanionHomeCard.swift */ = {isa = PBXFileReference; lastKnownFileType = sourcecode.swift; path = CompanionHomeCard.swift; sourceTree = "<group>"; };
		D6E031D1E3FC1268F16213D8 /* ScreenRouting.swift */ = {isa = PBXFileReference; lastKnownFileType = sourcecode.swift; path = ScreenRouting.swift; sourceTree = "<group>"; };
		D826A5042F75EE84C6786046 /* GoukakuShieldAction.appex */ = {isa = PBXFileReference; includeInIndex = 0; lastKnownFileType = "wrapper.app-extension"; path = GoukakuShieldAction.appex; sourceTree = BUILT_PRODUCTS_DIR; };
		D8C0912197D31B21EB82095D /* CompanionView.swift */ = {isa = PBXFileReference; lastKnownFileType = sourcecode.swift; path = CompanionView.swift; sourceTree = "<group>"; };
		E53C85F3E7FA283DFA1CD8C9 /* GoukakuLock.entitlements */ = {isa = PBXFileReference; lastKnownFileType = text.plist.entitlements; path = GoukakuLock.entitlements; sourceTree = "<group>"; };
		E6687F4A81A3EAF2A88D1132 /* PrivacyInfo.xcprivacy */ = {isa = PBXFileReference; path = PrivacyInfo.xcprivacy; sourceTree = "<group>"; };
		E81AA773E9E63DE100166498 /* AppModel.swift */ = {isa = PBXFileReference; lastKnownFileType = sourcecode.swift; path = AppModel.swift; sourceTree = "<group>"; };
		E8B1B01661737E08FDB9973D /* OnboardingView.swift */ = {isa = PBXFileReference; lastKnownFileType = sourcecode.swift; path = OnboardingView.swift; sourceTree = "<group>"; };
		E8EF5F5FD7F54494DC5DBB59 /* DeviceSupport.swift */ = {isa = PBXFileReference; lastKnownFileType = sourcecode.swift; path = DeviceSupport.swift; sourceTree = "<group>"; };
		EA487A03DE26134FCA2A5274 /* RootView.swift */ = {isa = PBXFileReference; lastKnownFileType = sourcecode.swift; path = RootView.swift; sourceTree = "<group>"; };
		ED3213E22A8F0DD67AED7BE8 /* GrowthView.swift */ = {isa = PBXFileReference; lastKnownFileType = sourcecode.swift; path = GrowthView.swift; sourceTree = "<group>"; };
		EEC3ED32BABBDB4D1E9891F8 /* AIRuntime.swift */ = {isa = PBXFileReference; lastKnownFileType = sourcecode.swift; path = AIRuntime.swift; sourceTree = "<group>"; };
		F0BA45B65C1DCE9B4C345059 /* GoukakuAI */ = {isa = PBXFileReference; lastKnownFileType = folder; name = GoukakuAI; path = GoukakuAI; sourceTree = SOURCE_ROOT; };
		F2A40D82DC0E1C445223D964 /* AppActions.swift */ = {isa = PBXFileReference; lastKnownFileType = sourcecode.swift; path = AppActions.swift; sourceTree = "<group>"; };
		F6CB5148DB5FF179D784E2D9 /* ModelDownloader.swift */ = {isa = PBXFileReference; lastKnownFileType = sourcecode.swift; path = ModelDownloader.swift; sourceTree = "<group>"; };
		F76D0F2F1EE1A825F4240D3E /* DebugMenuView.swift */ = {isa = PBXFileReference; lastKnownFileType = sourcecode.swift; path = DebugMenuView.swift; sourceTree = "<group>"; };
		F94DA6FA734E5DDFCAE9F1E4 /* StatusWidget.swift */ = {isa = PBXFileReference; lastKnownFileType = sourcecode.swift; path = StatusWidget.swift; sourceTree = "<group>"; };
		FA0723B09B7307603D43E577 /* CompanionComponents.swift */ = {isa = PBXFileReference; lastKnownFileType = sourcecode.swift; path = CompanionComponents.swift; sourceTree = "<group>"; };
		FBB72C79319D4F9F87720149 /* EvidenceStore.swift */ = {isa = PBXFileReference; lastKnownFileType = sourcecode.swift; path = EvidenceStore.swift; sourceTree = "<group>"; };
		FBE78DDB9BA65AAFEF849C0A /* GoukakuCore */ = {isa = PBXFileReference; lastKnownFileType = folder; name = GoukakuCore; path = GoukakuCore; sourceTree = SOURCE_ROOT; };
		FEBD8C31E3611A996ADBC254 /* CoachingViews.swift */ = {isa = PBXFileReference; lastKnownFileType = sourcecode.swift; path = CoachingViews.swift; sourceTree = "<group>"; };
/* End PBXFileReference section */

/* Begin PBXFrameworksBuildPhase section */
		0FC9ABEBC0B5E4C1EB9E5BC0 /* Frameworks */ = {
			isa = PBXFrameworksBuildPhase;
			buildActionMask = 2147483647;
			files = (
				A4644589C2F919C51228CE22 /* GoukakuCore in Frameworks */,
				2B950813EC8AA74D48C7F696 /* GoukakuShared in Frameworks */,
			);
			runOnlyForDeploymentPostprocessing = 0;
		};
		3AAA09C92637745AC1E9C17F /* Frameworks */ = {
			isa = PBXFrameworksBuildPhase;
			buildActionMask = 2147483647;
			files = (
				DD25675B677E4DC268783FB9 /* GoukakuCore in Frameworks */,
				E124168318447121533027B0 /* GoukakuKit in Frameworks */,
			);
			runOnlyForDeploymentPostprocessing = 0;
		};
		45F97B093A3CF4C6EAA11083 /* Frameworks */ = {
			isa = PBXFrameworksBuildPhase;
			buildActionMask = 2147483647;
			files = (
				43B5F1E89C55B846BED48200 /* GoukakuCore in Frameworks */,
				02B457220D88687899DD4B3E /* GoukakuKit in Frameworks */,
				36EB6F52F2E3CE7440004DE7 /* GoukakuShared in Frameworks */,
				188735D6EA9CDEA2E17B14F3 /* GoukakuAI in Frameworks */,
				0937E9D52B3C53DEE7C5F72B /* GoukakuAIMLX in Frameworks */,
			);
			runOnlyForDeploymentPostprocessing = 0;
		};
		9007ACC218D99BA374A13048 /* Frameworks */ = {
			isa = PBXFrameworksBuildPhase;
			buildActionMask = 2147483647;
			files = (
				98336D30590D15C3D22D5486 /* GoukakuCore in Frameworks */,
				F810E6CCD94856731D923413 /* GoukakuKit in Frameworks */,
			);
			runOnlyForDeploymentPostprocessing = 0;
		};
		F308298A402CA09D312C9615 /* Frameworks */ = {
			isa = PBXFrameworksBuildPhase;
			buildActionMask = 2147483647;
			files = (
				CFBF1870148EB574BB63BE63 /* GoukakuCore in Frameworks */,
				6B0F49F57F22C722566FB1AC /* GoukakuKit in Frameworks */,
			);
			runOnlyForDeploymentPostprocessing = 0;
		};
/* End PBXFrameworksBuildPhase section */

/* Begin PBXGroup section */
		11E79F45C98F1E341CEE3D81 /* Packages */ = {
			isa = PBXGroup;
			children = (
				F0BA45B65C1DCE9B4C345059 /* GoukakuAI */,
				04E30E83843D5BD55203E968 /* GoukakuAIMLX */,
				FBE78DDB9BA65AAFEF849C0A /* GoukakuCore */,
				138E644E125CB78FD056B01D /* GoukakuKit */,
			);
			name = Packages;
			sourceTree = "<group>";
		};
		1CA6A22671BB680A526C8640 /* Shared */ = {
			isa = PBXGroup;
			children = (
				8B74EACDB7C565DB93AF1CA7 /* Intents */,
				5A8809D61C819CF87FFF3A79 /* UI */,
			);
			path = Shared;
			sourceTree = "<group>";
		};
		22640298C936A9DD20501E27 /* ShieldAction */ = {
			isa = PBXGroup;
			children = (
				7AA69AA087B933F44FDEDC62 /* GoukakuShieldAction.entitlements */,
				16A4FE1470BBEB6D5A48EF1B /* Info.plist */,
				418506AD8FB7B21282C3149F /* PrivacyInfo.xcprivacy */,
				6E3A556C22BE8DA0E2C1D521 /* ShieldActionExtension.swift */,
			);
			path = ShieldAction;
			sourceTree = "<group>";
		};
		35D8F5A042F1D3BF0458C35D /* Intents */ = {
			isa = PBXGroup;
			children = (
				54A06B26AB1FD7E4FE708E21 /* GoukakuIntents.swift */,
				D6E031D1E3FC1268F16213D8 /* ScreenRouting.swift */,
			);
			path = Intents;
			sourceTree = "<group>";
		};
		3961CE8A19DF87EE935691F0 /* Extension */ = {
			isa = PBXGroup;
			children = (
				758E4230A26DB1540E9E02BE /* CheckInControl.swift */,
				8F7E4B7DF27A7B53F7FBEF2B /* GoukakuWidget.entitlements */,
				ACD0896ACB25EA3CB8B178DC /* GoukakuWidgetBundle.swift */,
				5889C68A1F84016796F93B9F /* Info.plist */,
				1F0B15EB96567E4F492C3AD3 /* LiveActivityWidget.swift */,
				4AB64A45A3E969DFB4C1EFFE /* PrivacyInfo.xcprivacy */,
				30634FC84A3F9274FD856589 /* ScreenRouting.swift */,
				F94DA6FA734E5DDFCAE9F1E4 /* StatusWidget.swift */,
			);
			path = Extension;
			sourceTree = "<group>";
		};
		459829B42FBD2A465A92E146 /* Widgets */ = {
			isa = PBXGroup;
			children = (
				3961CE8A19DF87EE935691F0 /* Extension */,
				A01C2811BFE1BE70A2DB3C0F /* Views */,
			);
			path = Widgets;
			sourceTree = "<group>";
		};
		5A8809D61C819CF87FFF3A79 /* UI */ = {
			isa = PBXGroup;
			children = (
				4C1BDA385B447A23C3AED882 /* Hanamaru.swift */,
				8DFC5527678E24228FE64259 /* Outcome.swift */,
				0F82D632C0C6C9C017045E17 /* Theme.swift */,
			);
			path = UI;
			sourceTree = "<group>";
		};
		60F2B6194E064DB12DEBB026 /* ShieldConfig */ = {
			isa = PBXGroup;
			children = (
				63DEACC7A9BD5D109BC9A8EF /* GoukakuShieldConfig.entitlements */,
				60605C60403A737346EACF40 /* Info.plist */,
				E6687F4A81A3EAF2A88D1132 /* PrivacyInfo.xcprivacy */,
				27DB06F59904BB33A6B490EB /* ShieldConfigExtension.swift */,
			);
			path = ShieldConfig;
			sourceTree = "<group>";
		};
		68711FEF49052EBD3D7A044B /* App */ = {
			isa = PBXGroup;
			children = (
				99E38E6F983C80C2FD713C59 /* AI */,
				35D8F5A042F1D3BF0458C35D /* Intents */,
				9DB69C050861C3620F35AD5B /* Model */,
				6CD8E5ACA64AF9B7926A8C84 /* Support */,
				93E266974AB9989EE6DDEEE3 /* Views */,
				F2A40D82DC0E1C445223D964 /* AppActions.swift */,
				5F73281A81B0178D0FFAF9ED /* AppActions+Settings.swift */,
				4FB973A9E93C56741C75BD42 /* Assets.xcassets */,
				E53C85F3E7FA283DFA1CD8C9 /* GoukakuLock.entitlements */,
				19AEBC5C9F8AAE722276A01F /* GoukakuLockApp.swift */,
				192E4307339D1FB635A20F6C /* Info.plist */,
				2FFDC68E4A77514B9AB11A37 /* PrivacyInfo.xcprivacy */,
			);
			path = App;
			sourceTree = "<group>";
		};
		6CC5DB4410D18C21155B1E43 /* AI */ = {
			isa = PBXGroup;
			children = (
				4C5C47763B57B4F64EB7EB7C /* models.json */,
			);
			path = AI;
			sourceTree = "<group>";
		};
		6CD8E5ACA64AF9B7926A8C84 /* Support */ = {
			isa = PBXGroup;
			children = (
				E8EF5F5FD7F54494DC5DBB59 /* DeviceSupport.swift */,
				FBB72C79319D4F9F87720149 /* EvidenceStore.swift */,
				BAF2D715A9AC16EADA50013F /* Format.swift */,
				5D2592AB7FCB4FFCE1827319 /* LiveActivities.swift */,
				95C1EE2985AEDA4174ED9918 /* NotificationRouter.swift */,
				75673AA0BCFD5CBE99732B5A /* QuickActions.swift */,
			);
			path = Support;
			sourceTree = "<group>";
		};
		723DAB278299D0C72BA29B72 = {
			isa = PBXGroup;
			children = (
				6CC5DB4410D18C21155B1E43 /* AI */,
				68711FEF49052EBD3D7A044B /* App */,
				72F0EEB09AF435453E79538F /* Extensions */,
				11E79F45C98F1E341CEE3D81 /* Packages */,
				1CA6A22671BB680A526C8640 /* Shared */,
				C10B941145F11B26E6F402B0 /* UITests */,
				459829B42FBD2A465A92E146 /* Widgets */,
				B41394D76D683B91F343A4F5 /* Products */,
			);
			sourceTree = "<group>";
		};
		72F0EEB09AF435453E79538F /* Extensions */ = {
			isa = PBXGroup;
			children = (
				820E544880393189AB5FF113 /* Monitor */,
				22640298C936A9DD20501E27 /* ShieldAction */,
				60F2B6194E064DB12DEBB026 /* ShieldConfig */,
			);
			path = Extensions;
			sourceTree = "<group>";
		};
		758B108203D0EA54C54B9CA0 /* AI */ = {
			isa = PBXGroup;
			children = (
				33FEEA6345BF96F5B5C55C99 /* AISettingsView.swift */,
				B22D359676A2584EDDDD02EE /* CompanionChatView.swift */,
				FA0723B09B7307603D43E577 /* CompanionComponents.swift */,
				D6765E788410697FF85C849D /* CompanionHomeCard.swift */,
				D8C0912197D31B21EB82095D /* CompanionView.swift */,
				A62FE99417677CE89CC9785C /* ExperienceLogSheet.swift */,
				ED3213E22A8F0DD67AED7BE8 /* GrowthView.swift */,
				94A55526D85B000C9EDA8F93 /* SomedayView.swift */,
			);
			path = AI;
			sourceTree = "<group>";
		};
		820E544880393189AB5FF113 /* Monitor */ = {
			isa = PBXGroup;
			children = (
				CB2CAC9068BEB1B7E59D5FBB /* GoukakuMonitor.entitlements */,
				17281C7A93176EF2292304DA /* Info.plist */,
				3EEB7A95473517B0E45C3990 /* MonitorExtension.swift */,
				7CC050F479BBE5BD15E12186 /* PrivacyInfo.xcprivacy */,
			);
			path = Monitor;
			sourceTree = "<group>";
		};
		8B74EACDB7C565DB93AF1CA7 /* Intents */ = {
			isa = PBXGroup;
			children = (
				007C3E5314762EE4ED532E24 /* OpenScreenIntent.swift */,
			);
			path = Intents;
			sourceTree = "<group>";
		};
		93E266974AB9989EE6DDEEE3 /* Views */ = {
			isa = PBXGroup;
			children = (
				758B108203D0EA54C54B9CA0 /* AI */,
				69A0EBD9209CED8FD5778C19 /* AppIconView.swift */,
				8D5279533E46AF1F67D145D3 /* CelebrationViews.swift */,
				27BD9FA3B1975797D038A764 /* CheckInView.swift */,
				FEBD8C31E3611A996ADBC254 /* CoachingViews.swift */,
				BA0C0CEAB0B46FF96FC3D9AF /* CommitViews.swift */,
				B7F0DB3DEF725AC59FC082C2 /* Components.swift */,
				F76D0F2F1EE1A825F4240D3E /* DebugMenuView.swift */,
				60F73608CCD2BC7E33044AAB /* EmergencyPauseViews.swift */,
				3EB7F4309943C6AB9095BC1C /* FocusTimerView.swift */,
				983F854EC81E2C5CAD58EB6F /* HistoryView.swift */,
				B7383EB061A1A2EF65767079 /* HomeView.swift */,
				E8B1B01661737E08FDB9973D /* OnboardingView.swift */,
				B9679980B6B040D0F1C3CE6A /* PhotoCheckInView.swift */,
				EA487A03DE26134FCA2A5274 /* RootView.swift */,
				0F3DEB097A6AEF784855E5B4 /* SettingsView.swift */,
				4E0A565DA1F314E92DB6FB5D /* TipsView.swift */,
			);
			path = Views;
			sourceTree = "<group>";
		};
		99E38E6F983C80C2FD713C59 /* AI */ = {
			isa = PBXGroup;
			children = (
				EEC3ED32BABBDB4D1E9891F8 /* AIRuntime.swift */,
				314958333A36DD4D7808C282 /* AppleEngine.swift */,
				9FF6C9AE35C9E5F8261BE3A2 /* CompanionData.swift */,
				7E94781398FBC26CF41CD315 /* CompanionModel.swift */,
				0C0FB123D5D220DACF7DDC1E /* DeviceProbe.swift */,
				F6CB5148DB5FF179D784E2D9 /* ModelDownloader.swift */,
				233B568B32D6E76717B643F9 /* ModelStore.swift */,
				B1011FBA4F3D493F2F50DAC8 /* SampleAI.swift */,
			);
			path = AI;
			sourceTree = "<group>";
		};
		9DB69C050861C3620F35AD5B /* Model */ = {
			isa = PBXGroup;
			children = (
				E81AA773E9E63DE100166498 /* AppModel.swift */,
				BDEC76969649338255088EB9 /* AppModel+Actions.swift */,
				70CB4F31531AC9C649AF51EB /* AppModel+Changes.swift */,
				C267EDE29E974982347E0138 /* AppModel+Lifecycle.swift */,
				75F77295BDB3BA0405525F2A /* Persistence.swift */,
			);
			path = Model;
			sourceTree = "<group>";
		};
		A01C2811BFE1BE70A2DB3C0F /* Views */ = {
			isa = PBXGroup;
			children = (
				490B6BB7AB514EE453597193 /* LiveActivityViews.swift */,
				24CE1B80A2B20788283A8D18 /* StatusWidgetViews.swift */,
			);
			path = Views;
			sourceTree = "<group>";
		};
		B41394D76D683B91F343A4F5 /* Products */ = {
			isa = PBXGroup;
			children = (
				7901229356B07DD04EE8691D /* GoukakuLock.app */,
				5FE14F024F8A3AECA7C15E76 /* GoukakuLockUITests.xctest */,
				ACDF3F7DE0EC4BFC6709D5DE /* GoukakuMonitor.appex */,
				D826A5042F75EE84C6786046 /* GoukakuShieldAction.appex */,
				8FDC10255F257EF2710AFBBA /* GoukakuShieldConfig.appex */,
				16044D9BD2FF3BAF5C1CD582 /* GoukakuWidget.appex */,
			);
			name = Products;
			sourceTree = "<group>";
		};
		C10B941145F11B26E6F402B0 /* UITests */ = {
			isa = PBXGroup;
			children = (
				7FD1867EDFAA48E2E5D2C3AF /* WalkthroughUITests.swift */,
			);
			path = UITests;
			sourceTree = "<group>";
		};
/* End PBXGroup section */

/* Begin PBXNativeTarget section */
		0EB70D539AF3A6141E55390E /* GoukakuMonitor */ = {
			isa = PBXNativeTarget;
			buildConfigurationList = D7249543360A03FC1F872E53 /* Build configuration list for PBXNativeTarget "GoukakuMonitor" */;
			buildPhases = (
				B74BA1626F20C8F509C4B55D /* Sources */,
				F6B5D69C5EF2C014D73E74FE /* Resources */,
				3AAA09C92637745AC1E9C17F /* Frameworks */,
			);
			buildRules = (
			);
			dependencies = (
			);
			name = GoukakuMonitor;
			packageProductDependencies = (
				EC590EB456CE986EA926FC5A /* GoukakuCore */,
				5AD13C7E004FB60F00AC7344 /* GoukakuKit */,
			);
			productName = GoukakuMonitor;
			productReference = ACDF3F7DE0EC4BFC6709D5DE /* GoukakuMonitor.appex */;
			productType = "com.apple.product-type.app-extension";
		};
		55730D2246D09153E47CBC3D /* GoukakuLockUITests */ = {
			isa = PBXNativeTarget;
			buildConfigurationList = 0803C204022A3D03D6830FDA /* Build configuration list for PBXNativeTarget "GoukakuLockUITests" */;
			buildPhases = (
				E4325990C0FF690DAD89EB1E /* Sources */,
			);
			buildRules = (
			);
			dependencies = (
				2DF44C68B01D3D9CD0718AA9 /* PBXTargetDependency */,
			);
			name = GoukakuLockUITests;
			packageProductDependencies = (
			);
			productName = GoukakuLockUITests;
			productReference = 5FE14F024F8A3AECA7C15E76 /* GoukakuLockUITests.xctest */;
			productType = "com.apple.product-type.bundle.ui-testing";
		};
		5C2BB3B6D7111231E66A9D50 /* GoukakuWidget */ = {
			isa = PBXNativeTarget;
			buildConfigurationList = 39C6FFA1A3440DD00EF34B94 /* Build configuration list for PBXNativeTarget "GoukakuWidget" */;
			buildPhases = (
				1FFD457B8B0D5FA4822B8E46 /* Sources */,
				8F39D762817415AF63E7A8BE /* Resources */,
				0FC9ABEBC0B5E4C1EB9E5BC0 /* Frameworks */,
			);
			buildRules = (
			);
			dependencies = (
			);
			name = GoukakuWidget;
			packageProductDependencies = (
				6CCC8C3965E3034A0465160A /* GoukakuCore */,
				7E5499A2726ACA36F757C1B5 /* GoukakuShared */,
			);
			productName = GoukakuWidget;
			productReference = 16044D9BD2FF3BAF5C1CD582 /* GoukakuWidget.appex */;
			productType = "com.apple.product-type.app-extension";
		};
		B916F91BADA5279B78C6BDDF /* GoukakuShieldConfig */ = {
			isa = PBXNativeTarget;
			buildConfigurationList = 5A09CD8C8962EEC8E77FF478 /* Build configuration list for PBXNativeTarget "GoukakuShieldConfig" */;
			buildPhases = (
				2A035568EDD0182BAF020146 /* Sources */,
				312F98E363C921372CCC8961 /* Resources */,
				F308298A402CA09D312C9615 /* Frameworks */,
			);
			buildRules = (
			);
			dependencies = (
			);
			name = GoukakuShieldConfig;
			packageProductDependencies = (
				9783967D1C1307266F7719CD /* GoukakuCore */,
				421FA4A9FAE174F1CFEC88B7 /* GoukakuKit */,
			);
			productName = GoukakuShieldConfig;
			productReference = 8FDC10255F257EF2710AFBBA /* GoukakuShieldConfig.appex */;
			productType = "com.apple.product-type.app-extension";
		};
		C3270B222FDCF6E31D36A02B /* GoukakuLock */ = {
			isa = PBXNativeTarget;
			buildConfigurationList = CD6B2A9A71CDD7A21DB87AE5 /* Build configuration list for PBXNativeTarget "GoukakuLock" */;
			buildPhases = (
				352749B141469A7FD0D1D60C /* Sources */,
				A8C28065FCC7251FDD476072 /* Resources */,
				45F97B093A3CF4C6EAA11083 /* Frameworks */,
				F3E90C0E77F507D1B85E54D4 /* Embed Foundation Extensions */,
			);
			buildRules = (
			);
			dependencies = (
				E9ECA9DDC5080258496D0E91 /* PBXTargetDependency */,
				AFE6FFC13C4E80746B8AFEED /* PBXTargetDependency */,
				F279C4D66324B9BEB0545B33 /* PBXTargetDependency */,
				C2E83AC3CAE424CAE0BABFDE /* PBXTargetDependency */,
			);
			name = GoukakuLock;
			packageProductDependencies = (
				56DEF683AB17CB7D2AB357F7 /* GoukakuCore */,
				59EB0DD4391EA77D54698A6E /* GoukakuKit */,
				F6DFC4553A63D6FCE4489894 /* GoukakuShared */,
				FD976F0C289ECB9A6FE08AA5 /* GoukakuAI */,
				D2C36A876944C2E1B7499329 /* GoukakuAIMLX */,
			);
			productName = GoukakuLock;
			productReference = 7901229356B07DD04EE8691D /* GoukakuLock.app */;
			productType = "com.apple.product-type.application";
		};
		EE92F51893CD543E1BD2C14B /* GoukakuShieldAction */ = {
			isa = PBXNativeTarget;
			buildConfigurationList = 57CDCBF408B906EA507DA69D /* Build configuration list for PBXNativeTarget "GoukakuShieldAction" */;
			buildPhases = (
				BAEFF7857E1DF798BB93DD9C /* Sources */,
				24851D17047E6135E4CEFEB2 /* Resources */,
				9007ACC218D99BA374A13048 /* Frameworks */,
			);
			buildRules = (
			);
			dependencies = (
			);
			name = GoukakuShieldAction;
			packageProductDependencies = (
				FC33093BFA16EF1911A2F9F5 /* GoukakuCore */,
				4C3477060F8A6BD2C81AE56F /* GoukakuKit */,
			);
			productName = GoukakuShieldAction;
			productReference = D826A5042F75EE84C6786046 /* GoukakuShieldAction.appex */;
			productType = "com.apple.product-type.app-extension";
		};
/* End PBXNativeTarget section */

/* Begin PBXProject section */
		58F0C9FD64FF796E4BE08636 /* Project object */ = {
			isa = PBXProject;
			attributes = {
				BuildIndependentTargetsInParallel = YES;
				LastUpgradeCheck = 1430;
				TargetAttributes = {
					0EB70D539AF3A6141E55390E = {
						DevelopmentTeam = "";
						ProvisioningStyle = Automatic;
					};
					55730D2246D09153E47CBC3D = {
						DevelopmentTeam = "";
						ProvisioningStyle = Automatic;
						TestTargetID = C3270B222FDCF6E31D36A02B;
					};
					5C2BB3B6D7111231E66A9D50 = {
						DevelopmentTeam = "";
						ProvisioningStyle = Automatic;
					};
					B916F91BADA5279B78C6BDDF = {
						DevelopmentTeam = "";
						ProvisioningStyle = Automatic;
					};
					C3270B222FDCF6E31D36A02B = {
						DevelopmentTeam = "";
						ProvisioningStyle = Automatic;
					};
					EE92F51893CD543E1BD2C14B = {
						DevelopmentTeam = "";
						ProvisioningStyle = Automatic;
					};
				};
			};
			buildConfigurationList = C7709BAD2A2B23060C899927 /* Build configuration list for PBXProject "GoukakuLock" */;
			developmentRegion = ja;
			hasScannedForEncodings = 0;
			knownRegions = (
				Base,
				ja,
			);
			mainGroup = 723DAB278299D0C72BA29B72;
			minimizedProjectReferenceProxies = 1;
			packageReferences = (
				853D99366BE7EF72E64312F6 /* XCLocalSwiftPackageReference "GoukakuAI" */,
				91876946D36F7367898E92F3 /* XCLocalSwiftPackageReference "GoukakuAIMLX" */,
				02AB9E250E985F437BB7795C /* XCLocalSwiftPackageReference "GoukakuCore" */,
				57B345923D3BAE67DB73B978 /* XCLocalSwiftPackageReference "GoukakuKit" */,
			);
			preferredProjectObjectVersion = 77;
			productRefGroup = B41394D76D683B91F343A4F5 /* Products */;
			projectDirPath = "";
			projectRoot = "";
			targets = (
				C3270B222FDCF6E31D36A02B /* GoukakuLock */,
				0EB70D539AF3A6141E55390E /* GoukakuMonitor */,
				B916F91BADA5279B78C6BDDF /* GoukakuShieldConfig */,
				EE92F51893CD543E1BD2C14B /* GoukakuShieldAction */,
				5C2BB3B6D7111231E66A9D50 /* GoukakuWidget */,
				55730D2246D09153E47CBC3D /* GoukakuLockUITests */,
			);
		};
/* End PBXProject section */

/* Begin PBXResourcesBuildPhase section */
		24851D17047E6135E4CEFEB2 /* Resources */ = {
			isa = PBXResourcesBuildPhase;
			buildActionMask = 2147483647;
			files = (
				0BCF00B72162397D35CEBF64 /* PrivacyInfo.xcprivacy in Resources */,
			);
			runOnlyForDeploymentPostprocessing = 0;
		};
		312F98E363C921372CCC8961 /* Resources */ = {
			isa = PBXResourcesBuildPhase;
			buildActionMask = 2147483647;
			files = (
				270A415F0348F336ED8CC15B /* PrivacyInfo.xcprivacy in Resources */,
			);
			runOnlyForDeploymentPostprocessing = 0;
		};
		8F39D762817415AF63E7A8BE /* Resources */ = {
			isa = PBXResourcesBuildPhase;
			buildActionMask = 2147483647;
			files = (
				8C388BC85AA805E42073B1F4 /* PrivacyInfo.xcprivacy in Resources */,
			);
			runOnlyForDeploymentPostprocessing = 0;
		};
		A8C28065FCC7251FDD476072 /* Resources */ = {
			isa = PBXResourcesBuildPhase;
			buildActionMask = 2147483647;
			files = (
				87B538A5EE5B1C847F192D5E /* Assets.xcassets in Resources */,
				EB6B23CCD1A2EC4A82A5BCE1 /* PrivacyInfo.xcprivacy in Resources */,
				02BE3F586A02D312C107AED5 /* models.json in Resources */,
			);
			runOnlyForDeploymentPostprocessing = 0;
		};
		F6B5D69C5EF2C014D73E74FE /* Resources */ = {
			isa = PBXResourcesBuildPhase;
			buildActionMask = 2147483647;
			files = (
				5961111B4D0395D92911589A /* PrivacyInfo.xcprivacy in Resources */,
			);
			runOnlyForDeploymentPostprocessing = 0;
		};
/* End PBXResourcesBuildPhase section */

/* Begin PBXSourcesBuildPhase section */
		1FFD457B8B0D5FA4822B8E46 /* Sources */ = {
			isa = PBXSourcesBuildPhase;
			buildActionMask = 2147483647;
			files = (
				24446FBC1288D8FD913F7C23 /* CheckInControl.swift in Sources */,
				16CAFFD8FE5B2D82C7B10C82 /* GoukakuWidgetBundle.swift in Sources */,
				AFC15414241998ACF7FF60FE /* Hanamaru.swift in Sources */,
				BA2527CC6FDC1F6D090E3602 /* LiveActivityViews.swift in Sources */,
				C50B1896FD6728A6E9C09848 /* LiveActivityWidget.swift in Sources */,
				9B98C7DA8B4AD7889D0090D3 /* OpenScreenIntent.swift in Sources */,
				E1663B576138BAF173FFA3A7 /* Outcome.swift in Sources */,
				1FB90F1E5E67635046E41E59 /* ScreenRouting.swift in Sources */,
				5C2C78EE06D539B340AE9E63 /* StatusWidget.swift in Sources */,
				39FC11F8E0D4D8C068403900 /* StatusWidgetViews.swift in Sources */,
				B41417173845C79F5A142054 /* Theme.swift in Sources */,
			);
			runOnlyForDeploymentPostprocessing = 0;
		};
		2A035568EDD0182BAF020146 /* Sources */ = {
			isa = PBXSourcesBuildPhase;
			buildActionMask = 2147483647;
			files = (
				3E253FE6F9E3B6CA4BCDE449 /* ShieldConfigExtension.swift in Sources */,
			);
			runOnlyForDeploymentPostprocessing = 0;
		};
		352749B141469A7FD0D1D60C /* Sources */ = {
			isa = PBXSourcesBuildPhase;
			buildActionMask = 2147483647;
			files = (
				DF1A177C4C0D3A8FBCEE6764 /* AIRuntime.swift in Sources */,
				95E0E8415FAC27393C20B9F3 /* AISettingsView.swift in Sources */,
				7801E947734114BB90921095 /* AppActions+Settings.swift in Sources */,
				434E9363638469ECFF45E14D /* AppActions.swift in Sources */,
				8FF99826F20EA0CC58D21A73 /* AppIconView.swift in Sources */,
				CC05A86ACD29AA22B20B4891 /* AppModel+Actions.swift in Sources */,
				D186333BEB54B521C69565D9 /* AppModel+Changes.swift in Sources */,
				99AFBF7AEC299F5D7A099E3A /* AppModel+Lifecycle.swift in Sources */,
				611C70FD8484E2A9A509F9AF /* AppModel.swift in Sources */,
				AD9CCD7F6B56348358E08FCA /* AppleEngine.swift in Sources */,
				BBA45A057DC0A86C0EC6F1D5 /* CelebrationViews.swift in Sources */,
				EF362FB0034AF8854F65FBB7 /* CheckInView.swift in Sources */,
				C2F302C2657B7A328E61CEFC /* CoachingViews.swift in Sources */,
				1C55680910D73BEFE7545394 /* CommitViews.swift in Sources */,
				B7C707F4D9ED34FC88AE9AFA /* CompanionChatView.swift in Sources */,
				5A4825EFBF16E3C11ACA4B7A /* CompanionComponents.swift in Sources */,
				E42C0A8D2A7D57D821B3BB94 /* CompanionData.swift in Sources */,
				90E1173AB608F5A29E20A906 /* CompanionHomeCard.swift in Sources */,
				6C2664261C97C8EA9EF24A41 /* CompanionModel.swift in Sources */,
				C2038558BA10BC11F2659CA8 /* CompanionView.swift in Sources */,
				87143B384EC5F77D2EC78B5E /* Components.swift in Sources */,
				9C2C150C8BC89109455283A8 /* DebugMenuView.swift in Sources */,
				D10C947593A7FACFA7293DD6 /* DeviceProbe.swift in Sources */,
				325E96A3FCC5EDD62F19ECFC /* DeviceSupport.swift in Sources */,
				BB8B360F099D7D7210250725 /* EmergencyPauseViews.swift in Sources */,
				06E5B40A601D8DB7716187CF /* EvidenceStore.swift in Sources */,
				8BF1D42268806594ED42ADE1 /* ExperienceLogSheet.swift in Sources */,
				934C9F5A2ADC254AD3F06167 /* FocusTimerView.swift in Sources */,
				176574B8C3801F54B98D6BC5 /* Format.swift in Sources */,
				E661936DF3B847BA1E3DC00B /* GoukakuIntents.swift in Sources */,
				59EEDC2079DFF271A0A270C5 /* GoukakuLockApp.swift in Sources */,
				ECF66A89381863E65D360A76 /* GrowthView.swift in Sources */,
				2AD49D6F234B29260086C1BD /* Hanamaru.swift in Sources */,
				CAF4A49BA2B1502D0E72E8C3 /* HistoryView.swift in Sources */,
				A751D606F89AF21EB516292E /* HomeView.swift in Sources */,
				668029CE48F9B94C316782C2 /* LiveActivities.swift in Sources */,
				51A2973747796E1EDD2DFFAD /* LiveActivityViews.swift in Sources */,
				E102FA465B3FA2539D977F95 /* ModelDownloader.swift in Sources */,
				DE5068E3A7537BAC80798C49 /* ModelStore.swift in Sources */,
				ABFB78558664B8BCE5E856BB /* NotificationRouter.swift in Sources */,
				40F225C6CCAEA86CA565E68F /* OnboardingView.swift in Sources */,
				757C884A297D34F1D3365C54 /* OpenScreenIntent.swift in Sources */,
				4DBC670821274CAA6A42125B /* Outcome.swift in Sources */,
				19C8922BBB635CEDC25697DD /* Persistence.swift in Sources */,
				043B87BE0859F7D5783945F0 /* PhotoCheckInView.swift in Sources */,
				B9D708D032A48C53C6E52A0B /* QuickActions.swift in Sources */,
				CD668CCF9BA9DA10D69557DC /* RootView.swift in Sources */,
				FB7D6CC48F13DBABD568B9C3 /* SampleAI.swift in Sources */,
				ADC883ED1DD0DC19D4A7B760 /* ScreenRouting.swift in Sources */,
				AF0FF189D10216922A40FEC6 /* SettingsView.swift in Sources */,
				8EB1BEBD4A4309309CA84509 /* SomedayView.swift in Sources */,
				25C098F5E76CAF91D018B0C6 /* StatusWidgetViews.swift in Sources */,
				DAA7077724DC3989996BF017 /* Theme.swift in Sources */,
				8C7C8D2B28494FDC9DF7C248 /* TipsView.swift in Sources */,
			);
			runOnlyForDeploymentPostprocessing = 0;
		};
		B74BA1626F20C8F509C4B55D /* Sources */ = {
			isa = PBXSourcesBuildPhase;
			buildActionMask = 2147483647;
			files = (
				A13E18CFE5C537DF2BBC9A2B /* MonitorExtension.swift in Sources */,
			);
			runOnlyForDeploymentPostprocessing = 0;
		};
		BAEFF7857E1DF798BB93DD9C /* Sources */ = {
			isa = PBXSourcesBuildPhase;
			buildActionMask = 2147483647;
			files = (
				2AACB7EBE01ACC5E7DCE2DDB /* ShieldActionExtension.swift in Sources */,
			);
			runOnlyForDeploymentPostprocessing = 0;
		};
		E4325990C0FF690DAD89EB1E /* Sources */ = {
			isa = PBXSourcesBuildPhase;
			buildActionMask = 2147483647;
			files = (
				67F3FC323BECA6C00866C8AA /* WalkthroughUITests.swift in Sources */,
			);
			runOnlyForDeploymentPostprocessing = 0;
		};
/* End PBXSourcesBuildPhase section */

/* Begin PBXTargetDependency section */
		2DF44C68B01D3D9CD0718AA9 /* PBXTargetDependency */ = {
			isa = PBXTargetDependency;
			target = C3270B222FDCF6E31D36A02B /* GoukakuLock */;
			targetProxy = 3EBF95B2E4324E04B5EB922A /* PBXContainerItemProxy */;
		};
		AFE6FFC13C4E80746B8AFEED /* PBXTargetDependency */ = {
			isa = PBXTargetDependency;
			target = B916F91BADA5279B78C6BDDF /* GoukakuShieldConfig */;
			targetProxy = 34794115390EB3CAEEBD0C65 /* PBXContainerItemProxy */;
		};
		C2E83AC3CAE424CAE0BABFDE /* PBXTargetDependency */ = {
			isa = PBXTargetDependency;
			target = 5C2BB3B6D7111231E66A9D50 /* GoukakuWidget */;
			targetProxy = A4ACD70E8CB80D61B999947E /* PBXContainerItemProxy */;
		};
		E9ECA9DDC5080258496D0E91 /* PBXTargetDependency */ = {
			isa = PBXTargetDependency;
			target = 0EB70D539AF3A6141E55390E /* GoukakuMonitor */;
			targetProxy = A5C9B3473B5FB16F8AF2C810 /* PBXContainerItemProxy */;
		};
		F279C4D66324B9BEB0545B33 /* PBXTargetDependency */ = {
			isa = PBXTargetDependency;
			target = EE92F51893CD543E1BD2C14B /* GoukakuShieldAction */;
			targetProxy = D4EC7D872A802EA1EDBD1AD0 /* PBXContainerItemProxy */;
		};
/* End PBXTargetDependency section */

/* Begin XCBuildConfiguration section */
		05DA02C2DF990BB97675D787 /* Release */ = {
			isa = XCBuildConfiguration;
			buildSettings = {
				ASSETCATALOG_COMPILER_ALTERNATE_APPICON_NAMES = "AppIcon-Sumi AppIcon-Kin AppIcon-Sakura";
				ASSETCATALOG_COMPILER_APPICON_NAME = AppIcon;
				ASSETCATALOG_COMPILER_GLOBAL_ACCENT_COLOR_NAME = AccentColor;
				CODE_SIGN_ENTITLEMENTS = App/GoukakuLock.entitlements;
				CODE_SIGN_IDENTITY = "iPhone Developer";
				INFOPLIST_FILE = App/Info.plist;
				LD_RUNPATH_SEARCH_PATHS = (
					"$(inherited)",
					"@executable_path/Frameworks",
				);
				PRODUCT_BUNDLE_IDENTIFIER = com.aokijp.goukakulock;
				PRODUCT_NAME = GoukakuLock;
				SDKROOT = iphoneos;
				TARGETED_DEVICE_FAMILY = 1;
			};
			name = Release;
		};
		0F64E42B4AAD32D84C520E98 /* Debug */ = {
			isa = XCBuildConfiguration;
			buildSettings = {
				ALWAYS_SEARCH_USER_PATHS = NO;
				CLANG_ANALYZER_NONNULL = YES;
				CLANG_ANALYZER_NUMBER_OBJECT_CONVERSION = YES_AGGRESSIVE;
				CLANG_CXX_LANGUAGE_STANDARD = "gnu++14";
				CLANG_CXX_LIBRARY = "libc++";
				CLANG_ENABLE_MODULES = YES;
				CLANG_ENABLE_OBJC_ARC = YES;
				CLANG_ENABLE_OBJC_WEAK = YES;
				CLANG_WARN_BLOCK_CAPTURE_AUTORELEASING = YES;
				CLANG_WARN_BOOL_CONVERSION = YES;
				CLANG_WARN_COMMA = YES;
				CLANG_WARN_CONSTANT_CONVERSION = YES;
				CLANG_WARN_DEPRECATED_OBJC_IMPLEMENTATIONS = YES;
				CLANG_WARN_DIRECT_OBJC_ISA_USAGE = YES_ERROR;
				CLANG_WARN_DOCUMENTATION_COMMENTS = YES;
				CLANG_WARN_EMPTY_BODY = YES;
				CLANG_WARN_ENUM_CONVERSION = YES;
				CLANG_WARN_INFINITE_RECURSION = YES;
				CLANG_WARN_INT_CONVERSION = YES;
				CLANG_WARN_NON_LITERAL_NULL_CONVERSION = YES;
				CLANG_WARN_OBJC_IMPLICIT_RETAIN_SELF = YES;
				CLANG_WARN_OBJC_LITERAL_CONVERSION = YES;
				CLANG_WARN_OBJC_ROOT_CLASS = YES_ERROR;
				CLANG_WARN_QUOTED_INCLUDE_IN_FRAMEWORK_HEADER = YES;
				CLANG_WARN_RANGE_LOOP_ANALYSIS = YES;
				CLANG_WARN_STRICT_PROTOTYPES = YES;
				CLANG_WARN_SUSPICIOUS_MOVE = YES;
				CLANG_WARN_UNGUARDED_AVAILABILITY = YES_AGGRESSIVE;
				CLANG_WARN_UNREACHABLE_CODE = YES;
				CLANG_WARN__DUPLICATE_METHOD_MATCH = YES;
				CODE_SIGN_STYLE = Automatic;
				COPY_PHASE_STRIP = NO;
				CURRENT_PROJECT_VERSION = 3;
				DEBUG_INFORMATION_FORMAT = dwarf;
				DEVELOPMENT_TEAM = "";
				ENABLE_STRICT_OBJC_MSGSEND = YES;
				ENABLE_TESTABILITY = YES;
				ENABLE_USER_SCRIPT_SANDBOXING = YES;
				GCC_C_LANGUAGE_STANDARD = gnu11;
				GCC_DYNAMIC_NO_PIC = NO;
				GCC_NO_COMMON_BLOCKS = YES;
				GCC_OPTIMIZATION_LEVEL = 0;
				GCC_PREPROCESSOR_DEFINITIONS = (
					"$(inherited)",
					"DEBUG=1",
				);
				GCC_WARN_64_TO_32_BIT_CONVERSION = YES;
				GCC_WARN_ABOUT_RETURN_TYPE = YES_ERROR;
				GCC_WARN_UNDECLARED_SELECTOR = YES;
				GCC_WARN_UNINITIALIZED_AUTOS = YES_AGGRESSIVE;
				GCC_WARN_UNUSED_FUNCTION = YES;
				GCC_WARN_UNUSED_VARIABLE = YES;
				IPHONEOS_DEPLOYMENT_TARGET = 18.0;
				MARKETING_VERSION = 2.0.0;
				MTL_ENABLE_DEBUG_INFO = INCLUDE_SOURCE;
				MTL_FAST_MATH = YES;
				ONLY_ACTIVE_ARCH = YES;
				PRODUCT_NAME = "$(TARGET_NAME)";
				SDKROOT = iphoneos;
				SWIFT_ACTIVE_COMPILATION_CONDITIONS = DEBUG;
				SWIFT_OPTIMIZATION_LEVEL = "-Onone";
				SWIFT_STRICT_CONCURRENCY = complete;
				SWIFT_VERSION = 6.0;
				TARGETED_DEVICE_FAMILY = 1;
			};
			name = Debug;
		};
		11282A19626CD564C7D1FC8A /* Debug */ = {
			isa = XCBuildConfiguration;
			buildSettings = {
				ASSETCATALOG_COMPILER_GLOBAL_ACCENT_COLOR_NAME = "";
				ASSETCATALOG_COMPILER_WIDGET_BACKGROUND_COLOR_NAME = "";
				CODE_SIGN_ENTITLEMENTS = Widgets/Extension/GoukakuWidget.entitlements;
				INFOPLIST_FILE = Widgets/Extension/Info.plist;
				LD_RUNPATH_SEARCH_PATHS = (
					"$(inherited)",
					"@executable_path/Frameworks",
					"@executable_path/../../Frameworks",
				);
				PRODUCT_BUNDLE_IDENTIFIER = com.aokijp.goukakulock.widget;
				SDKROOT = iphoneos;
				TARGETED_DEVICE_FAMILY = 1;
			};
			name = Debug;
		};
		24C95DC852C5908298B439A9 /* Debug */ = {
			isa = XCBuildConfiguration;
			buildSettings = {
				ASSETCATALOG_COMPILER_ALTERNATE_APPICON_NAMES = "AppIcon-Sumi AppIcon-Kin AppIcon-Sakura";
				ASSETCATALOG_COMPILER_APPICON_NAME = AppIcon;
				ASSETCATALOG_COMPILER_GLOBAL_ACCENT_COLOR_NAME = AccentColor;
				CODE_SIGN_ENTITLEMENTS = App/GoukakuLock.entitlements;
				CODE_SIGN_IDENTITY = "iPhone Developer";
				INFOPLIST_FILE = App/Info.plist;
				LD_RUNPATH_SEARCH_PATHS = (
					"$(inherited)",
					"@executable_path/Frameworks",
				);
				PRODUCT_BUNDLE_IDENTIFIER = com.aokijp.goukakulock;
				PRODUCT_NAME = GoukakuLock;
				SDKROOT = iphoneos;
				TARGETED_DEVICE_FAMILY = 1;
			};
			name = Debug;
		};
		49CCF9D9682B0E6575898EB8 /* Debug */ = {
			isa = XCBuildConfiguration;
			buildSettings = {
				CODE_SIGN_ENTITLEMENTS = Extensions/ShieldAction/GoukakuShieldAction.entitlements;
				INFOPLIST_FILE = Extensions/ShieldAction/Info.plist;
				LD_RUNPATH_SEARCH_PATHS = (
					"$(inherited)",
					"@executable_path/Frameworks",
					"@executable_path/../../Frameworks",
				);
				PRODUCT_BUNDLE_IDENTIFIER = com.aokijp.goukakulock.shieldaction;
				SDKROOT = iphoneos;
				TARGETED_DEVICE_FAMILY = 1;
			};
			name = Debug;
		};
		54685CBD84150E2A786F336B /* Debug */ = {
			isa = XCBuildConfiguration;
			buildSettings = {
				CODE_SIGN_ENTITLEMENTS = Extensions/ShieldConfig/GoukakuShieldConfig.entitlements;
				INFOPLIST_FILE = Extensions/ShieldConfig/Info.plist;
				LD_RUNPATH_SEARCH_PATHS = (
					"$(inherited)",
					"@executable_path/Frameworks",
					"@executable_path/../../Frameworks",
				);
				PRODUCT_BUNDLE_IDENTIFIER = com.aokijp.goukakulock.shieldconfig;
				SDKROOT = iphoneos;
				TARGETED_DEVICE_FAMILY = 1;
			};
			name = Debug;
		};
		667C1F8AEB46029C7E3EF880 /* Release */ = {
			isa = XCBuildConfiguration;
			buildSettings = {
				BUNDLE_LOADER = "$(TEST_HOST)";
				GENERATE_INFOPLIST_FILE = YES;
				LD_RUNPATH_SEARCH_PATHS = (
					"$(inherited)",
					"@executable_path/Frameworks",
					"@loader_path/Frameworks",
				);
				PRODUCT_BUNDLE_IDENTIFIER = com.aokijp.goukakulock.uitests;
				SDKROOT = iphoneos;
				SWIFT_VERSION = 5.0;
				TARGETED_DEVICE_FAMILY = 1;
				TEST_TARGET_NAME = GoukakuLock;
			};
			name = Release;
		};
		76689ACA3F0C09A975D86251 /* Release */ = {
			isa = XCBuildConfiguration;
			buildSettings = {
				ALWAYS_SEARCH_USER_PATHS = NO;
				CLANG_ANALYZER_NONNULL = YES;
				CLANG_ANALYZER_NUMBER_OBJECT_CONVERSION = YES_AGGRESSIVE;
				CLANG_CXX_LANGUAGE_STANDARD = "gnu++14";
				CLANG_CXX_LIBRARY = "libc++";
				CLANG_ENABLE_MODULES = YES;
				CLANG_ENABLE_OBJC_ARC = YES;
				CLANG_ENABLE_OBJC_WEAK = YES;
				CLANG_WARN_BLOCK_CAPTURE_AUTORELEASING = YES;
				CLANG_WARN_BOOL_CONVERSION = YES;
				CLANG_WARN_COMMA = YES;
				CLANG_WARN_CONSTANT_CONVERSION = YES;
				CLANG_WARN_DEPRECATED_OBJC_IMPLEMENTATIONS = YES;
				CLANG_WARN_DIRECT_OBJC_ISA_USAGE = YES_ERROR;
				CLANG_WARN_DOCUMENTATION_COMMENTS = YES;
				CLANG_WARN_EMPTY_BODY = YES;
				CLANG_WARN_ENUM_CONVERSION = YES;
				CLANG_WARN_INFINITE_RECURSION = YES;
				CLANG_WARN_INT_CONVERSION = YES;
				CLANG_WARN_NON_LITERAL_NULL_CONVERSION = YES;
				CLANG_WARN_OBJC_IMPLICIT_RETAIN_SELF = YES;
				CLANG_WARN_OBJC_LITERAL_CONVERSION = YES;
				CLANG_WARN_OBJC_ROOT_CLASS = YES_ERROR;
				CLANG_WARN_QUOTED_INCLUDE_IN_FRAMEWORK_HEADER = YES;
				CLANG_WARN_RANGE_LOOP_ANALYSIS = YES;
				CLANG_WARN_STRICT_PROTOTYPES = YES;
				CLANG_WARN_SUSPICIOUS_MOVE = YES;
				CLANG_WARN_UNGUARDED_AVAILABILITY = YES_AGGRESSIVE;
				CLANG_WARN_UNREACHABLE_CODE = YES;
				CLANG_WARN__DUPLICATE_METHOD_MATCH = YES;
				CODE_SIGN_STYLE = Automatic;
				COPY_PHASE_STRIP = NO;
				CURRENT_PROJECT_VERSION = 3;
				DEBUG_INFORMATION_FORMAT = "dwarf-with-dsym";
				DEVELOPMENT_TEAM = "";
				ENABLE_NS_ASSERTIONS = NO;
				ENABLE_STRICT_OBJC_MSGSEND = YES;
				ENABLE_USER_SCRIPT_SANDBOXING = YES;
				GCC_C_LANGUAGE_STANDARD = gnu11;
				GCC_NO_COMMON_BLOCKS = YES;
				GCC_WARN_64_TO_32_BIT_CONVERSION = YES;
				GCC_WARN_ABOUT_RETURN_TYPE = YES_ERROR;
				GCC_WARN_UNDECLARED_SELECTOR = YES;
				GCC_WARN_UNINITIALIZED_AUTOS = YES_AGGRESSIVE;
				GCC_WARN_UNUSED_FUNCTION = YES;
				GCC_WARN_UNUSED_VARIABLE = YES;
				IPHONEOS_DEPLOYMENT_TARGET = 18.0;
				MARKETING_VERSION = 2.0.0;
				MTL_ENABLE_DEBUG_INFO = NO;
				MTL_FAST_MATH = YES;
				PRODUCT_NAME = "$(TARGET_NAME)";
				SDKROOT = iphoneos;
				SWIFT_COMPILATION_MODE = wholemodule;
				SWIFT_OPTIMIZATION_LEVEL = "-O";
				SWIFT_STRICT_CONCURRENCY = complete;
				SWIFT_VERSION = 6.0;
				TARGETED_DEVICE_FAMILY = 1;
			};
			name = Release;
		};
		76D786F921FE93A20188D12B /* Debug */ = {
			isa = XCBuildConfiguration;
			buildSettings = {
				CODE_SIGN_ENTITLEMENTS = Extensions/Monitor/GoukakuMonitor.entitlements;
				INFOPLIST_FILE = Extensions/Monitor/Info.plist;
				LD_RUNPATH_SEARCH_PATHS = (
					"$(inherited)",
					"@executable_path/Frameworks",
					"@executable_path/../../Frameworks",
				);
				PRODUCT_BUNDLE_IDENTIFIER = com.aokijp.goukakulock.monitor;
				SDKROOT = iphoneos;
				TARGETED_DEVICE_FAMILY = 1;
			};
			name = Debug;
		};
		9D82553F359F8BBC40746519 /* Release */ = {
			isa = XCBuildConfiguration;
			buildSettings = {
				CODE_SIGN_ENTITLEMENTS = Extensions/ShieldAction/GoukakuShieldAction.entitlements;
				INFOPLIST_FILE = Extensions/ShieldAction/Info.plist;
				LD_RUNPATH_SEARCH_PATHS = (
					"$(inherited)",
					"@executable_path/Frameworks",
					"@executable_path/../../Frameworks",
				);
				PRODUCT_BUNDLE_IDENTIFIER = com.aokijp.goukakulock.shieldaction;
				SDKROOT = iphoneos;
				TARGETED_DEVICE_FAMILY = 1;
			};
			name = Release;
		};
		AC9246589BB20B88A454508B /* Release */ = {
			isa = XCBuildConfiguration;
			buildSettings = {
				CODE_SIGN_ENTITLEMENTS = Extensions/Monitor/GoukakuMonitor.entitlements;
				INFOPLIST_FILE = Extensions/Monitor/Info.plist;
				LD_RUNPATH_SEARCH_PATHS = (
					"$(inherited)",
					"@executable_path/Frameworks",
					"@executable_path/../../Frameworks",
				);
				PRODUCT_BUNDLE_IDENTIFIER = com.aokijp.goukakulock.monitor;
				SDKROOT = iphoneos;
				TARGETED_DEVICE_FAMILY = 1;
			};
			name = Release;
		};
		B0C80415D78D2F7EB7DEEFCE /* Release */ = {
			isa = XCBuildConfiguration;
			buildSettings = {
				ASSETCATALOG_COMPILER_GLOBAL_ACCENT_COLOR_NAME = "";
				ASSETCATALOG_COMPILER_WIDGET_BACKGROUND_COLOR_NAME = "";
				CODE_SIGN_ENTITLEMENTS = Widgets/Extension/GoukakuWidget.entitlements;
				INFOPLIST_FILE = Widgets/Extension/Info.plist;
				LD_RUNPATH_SEARCH_PATHS = (
					"$(inherited)",
					"@executable_path/Frameworks",
					"@executable_path/../../Frameworks",
				);
				PRODUCT_BUNDLE_IDENTIFIER = com.aokijp.goukakulock.widget;
				SDKROOT = iphoneos;
				TARGETED_DEVICE_FAMILY = 1;
			};
			name = Release;
		};
		D5E4B86F8D3EE6D811BB2CF8 /* Debug */ = {
			isa = XCBuildConfiguration;
			buildSettings = {
				BUNDLE_LOADER = "$(TEST_HOST)";
				GENERATE_INFOPLIST_FILE = YES;
				LD_RUNPATH_SEARCH_PATHS = (
					"$(inherited)",
					"@executable_path/Frameworks",
					"@loader_path/Frameworks",
				);
				PRODUCT_BUNDLE_IDENTIFIER = com.aokijp.goukakulock.uitests;
				SDKROOT = iphoneos;
				SWIFT_VERSION = 5.0;
				TARGETED_DEVICE_FAMILY = 1;
				TEST_TARGET_NAME = GoukakuLock;
			};
			name = Debug;
		};
		F0FC0B3A885F387206186F62 /* Release */ = {
			isa = XCBuildConfiguration;
			buildSettings = {
				CODE_SIGN_ENTITLEMENTS = Extensions/ShieldConfig/GoukakuShieldConfig.entitlements;
				INFOPLIST_FILE = Extensions/ShieldConfig/Info.plist;
				LD_RUNPATH_SEARCH_PATHS = (
					"$(inherited)",
					"@executable_path/Frameworks",
					"@executable_path/../../Frameworks",
				);
				PRODUCT_BUNDLE_IDENTIFIER = com.aokijp.goukakulock.shieldconfig;
				SDKROOT = iphoneos;
				TARGETED_DEVICE_FAMILY = 1;
			};
			name = Release;
		};
/* End XCBuildConfiguration section */

/* Begin XCConfigurationList section */
		0803C204022A3D03D6830FDA /* Build configuration list for PBXNativeTarget "GoukakuLockUITests" */ = {
			isa = XCConfigurationList;
			buildConfigurations = (
				D5E4B86F8D3EE6D811BB2CF8 /* Debug */,
				667C1F8AEB46029C7E3EF880 /* Release */,
			);
			defaultConfigurationIsVisible = 0;
			defaultConfigurationName = Debug;
		};
		39C6FFA1A3440DD00EF34B94 /* Build configuration list for PBXNativeTarget "GoukakuWidget" */ = {
			isa = XCConfigurationList;
			buildConfigurations = (
				11282A19626CD564C7D1FC8A /* Debug */,
				B0C80415D78D2F7EB7DEEFCE /* Release */,
			);
			defaultConfigurationIsVisible = 0;
			defaultConfigurationName = Debug;
		};
		57CDCBF408B906EA507DA69D /* Build configuration list for PBXNativeTarget "GoukakuShieldAction" */ = {
			isa = XCConfigurationList;
			buildConfigurations = (
				49CCF9D9682B0E6575898EB8 /* Debug */,
				9D82553F359F8BBC40746519 /* Release */,
			);
			defaultConfigurationIsVisible = 0;
			defaultConfigurationName = Debug;
		};
		5A09CD8C8962EEC8E77FF478 /* Build configuration list for PBXNativeTarget "GoukakuShieldConfig" */ = {
			isa = XCConfigurationList;
			buildConfigurations = (
				54685CBD84150E2A786F336B /* Debug */,
				F0FC0B3A885F387206186F62 /* Release */,
			);
			defaultConfigurationIsVisible = 0;
			defaultConfigurationName = Debug;
		};
		C7709BAD2A2B23060C899927 /* Build configuration list for PBXProject "GoukakuLock" */ = {
			isa = XCConfigurationList;
			buildConfigurations = (
				0F64E42B4AAD32D84C520E98 /* Debug */,
				76689ACA3F0C09A975D86251 /* Release */,
			);
			defaultConfigurationIsVisible = 0;
			defaultConfigurationName = Debug;
		};
		CD6B2A9A71CDD7A21DB87AE5 /* Build configuration list for PBXNativeTarget "GoukakuLock" */ = {
			isa = XCConfigurationList;
			buildConfigurations = (
				24C95DC852C5908298B439A9 /* Debug */,
				05DA02C2DF990BB97675D787 /* Release */,
			);
			defaultConfigurationIsVisible = 0;
			defaultConfigurationName = Debug;
		};
		D7249543360A03FC1F872E53 /* Build configuration list for PBXNativeTarget "GoukakuMonitor" */ = {
			isa = XCConfigurationList;
			buildConfigurations = (
				76D786F921FE93A20188D12B /* Debug */,
				AC9246589BB20B88A454508B /* Release */,
			);
			defaultConfigurationIsVisible = 0;
			defaultConfigurationName = Debug;
		};
/* End XCConfigurationList section */

/* Begin XCLocalSwiftPackageReference section */
		02AB9E250E985F437BB7795C /* XCLocalSwiftPackageReference "GoukakuCore" */ = {
			isa = XCLocalSwiftPackageReference;
			relativePath = GoukakuCore;
		};
		57B345923D3BAE67DB73B978 /* XCLocalSwiftPackageReference "GoukakuKit" */ = {
			isa = XCLocalSwiftPackageReference;
			relativePath = GoukakuKit;
		};
		853D99366BE7EF72E64312F6 /* XCLocalSwiftPackageReference "GoukakuAI" */ = {
			isa = XCLocalSwiftPackageReference;
			relativePath = GoukakuAI;
		};
		91876946D36F7367898E92F3 /* XCLocalSwiftPackageReference "GoukakuAIMLX" */ = {
			isa = XCLocalSwiftPackageReference;
			relativePath = GoukakuAIMLX;
		};
/* End XCLocalSwiftPackageReference section */

/* Begin XCSwiftPackageProductDependency section */
		421FA4A9FAE174F1CFEC88B7 /* GoukakuKit */ = {
			isa = XCSwiftPackageProductDependency;
			productName = GoukakuKit;
		};
		4C3477060F8A6BD2C81AE56F /* GoukakuKit */ = {
			isa = XCSwiftPackageProductDependency;
			productName = GoukakuKit;
		};
		56DEF683AB17CB7D2AB357F7 /* GoukakuCore */ = {
			isa = XCSwiftPackageProductDependency;
			productName = GoukakuCore;
		};
		59EB0DD4391EA77D54698A6E /* GoukakuKit */ = {
			isa = XCSwiftPackageProductDependency;
			productName = GoukakuKit;
		};
		5AD13C7E004FB60F00AC7344 /* GoukakuKit */ = {
			isa = XCSwiftPackageProductDependency;
			productName = GoukakuKit;
		};
		6CCC8C3965E3034A0465160A /* GoukakuCore */ = {
			isa = XCSwiftPackageProductDependency;
			productName = GoukakuCore;
		};
		7E5499A2726ACA36F757C1B5 /* GoukakuShared */ = {
			isa = XCSwiftPackageProductDependency;
			productName = GoukakuShared;
		};
		9783967D1C1307266F7719CD /* GoukakuCore */ = {
			isa = XCSwiftPackageProductDependency;
			productName = GoukakuCore;
		};
		D2C36A876944C2E1B7499329 /* GoukakuAIMLX */ = {
			isa = XCSwiftPackageProductDependency;
			productName = GoukakuAIMLX;
		};
		EC590EB456CE986EA926FC5A /* GoukakuCore */ = {
			isa = XCSwiftPackageProductDependency;
			productName = GoukakuCore;
		};
		F6DFC4553A63D6FCE4489894 /* GoukakuShared */ = {
			isa = XCSwiftPackageProductDependency;
			productName = GoukakuShared;
		};
		FC33093BFA16EF1911A2F9F5 /* GoukakuCore */ = {
			isa = XCSwiftPackageProductDependency;
			productName = GoukakuCore;
		};
		FD976F0C289ECB9A6FE08AA5 /* GoukakuAI */ = {
			isa = XCSwiftPackageProductDependency;
			productName = GoukakuAI;
		};
/* End XCSwiftPackageProductDependency section */
	};
	rootObject = 58F0C9FD64FF796E4BE08636 /* Project object */;
}
